// !$*UTF8*$!
{
	archiveVersion = 1;
	classes = {
	};
	objectVersion = 56;
	objects = {

/* Begin PBXBuildFile section */
		D90692F8290FB39100BB779D /* AppDelegate.swift in Sources */ = {isa = PBXBuildFile; fileRef = D90692F7290FB39100BB779D /* AppDelegate.swift */; };
		D90692FC290FB39100BB779D /* LaunchViewController.swift in Sources */ = {isa = PBXBuildFile; fileRef = D90692FB290FB39100BB779D /* LaunchViewController.swift */; };
		D90692FF290FB39100BB779D /* Main.storyboard in Resources */ = {isa = PBXBuildFile; fileRef = D90692FD290FB39100BB779D /* Main.storyboard */; };
		D9069301290FB39300BB779D /* Assets.xcassets in Resources */ = {isa = PBXBuildFile; fileRef = D9069300290FB39300BB779D /* Assets.xcassets */; };
		D9069304290FB39300BB779D /* LaunchScreen.storyboard in Resources */ = {isa = PBXBuildFile; fileRef = D9069302290FB39300BB779D /* LaunchScreen.storyboard */; };
		D906930E290FB5E200BB779D /* GoogleService-Info.plist in Resources */ = {isa = PBXBuildFile; fileRef = D906930D290FB5E200BB779D /* GoogleService-Info.plist */; };
		D9069311290FB68300BB779D /* FirebaseAuth in Frameworks */ = {isa = PBXBuildFile; productRef = D9069310290FB68300BB779D /* FirebaseAuth */; };
		D9069313290FB68300BB779D /* FirebaseDatabase in Frameworks */ = {isa = PBXBuildFile; productRef = D9069312290FB68300BB779D /* FirebaseDatabase */; };
		D9069315290FB68300BB779D /* FirebaseFirestore in Frameworks */ = {isa = PBXBuildFile; productRef = D9069314290FB68300BB779D /* FirebaseFirestore */; };
		D9069317290FB68300BB779D /* FirebaseRemoteConfig in Frameworks */ = {isa = PBXBuildFile; productRef = D9069316290FB68300BB779D /* FirebaseRemoteConfig */; };
		D906931F290FB78500BB779D /* AuthViewModel.swift in Sources */ = {isa = PBXBuildFile; fileRef = D906931A290FB78500BB779D /* AuthViewModel.swift */; };
		D9069320290FB78500BB779D /* AuthViewController.swift in Sources */ = {isa = PBXBuildFile; fileRef = D906931C290FB78500BB779D /* AuthViewController.swift */; };
		D9069321290FB78500BB779D /* AuthViewController.xib in Resources */ = {isa = PBXBuildFile; fileRef = D906931E290FB78500BB779D /* AuthViewController.xib */; };
		D9069326290FC4C400BB779D /* AlertManager.swift in Sources */ = {isa = PBXBuildFile; fileRef = D9069324290FC4C400BB779D /* AlertManager.swift */; };
		D9069327290FC4C400BB779D /* FirebaseManager.swift in Sources */ = {isa = PBXBuildFile; fileRef = D9069325290FC4C400BB779D /* FirebaseManager.swift */; };
		D906933F290FC4CB00BB779D /* SpinerViewController.swift in Sources */ = {isa = PBXBuildFile; fileRef = D9069329290FC4CB00BB779D /* SpinerViewController.swift */; };
		D9069340290FC4CB00BB779D /* UIImageExtensions.swift in Sources */ = {isa = PBXBuildFile; fileRef = D906932B290FC4CB00BB779D /* UIImageExtensions.swift */; };
		D9069341290FC4CB00BB779D /* UIApplication.swift in Sources */ = {isa = PBXBuildFile; fileRef = D906932D290FC4CB00BB779D /* UIApplication.swift */; };
		D9069342290FC4CB00BB779D /* UITableViewCellExtensions.swift in Sources */ = {isa = PBXBuildFile; fileRef = D906932F290FC4CB00BB779D /* UITableViewCellExtensions.swift */; };
		D9069343290FC4CB00BB779D /* UIColor+Extensions.swift in Sources */ = {isa = PBXBuildFile; fileRef = D9069331290FC4CB00BB779D /* UIColor+Extensions.swift */; };
		D9069344290FC4CB00BB779D /* UICollectionViewExtensions.swift in Sources */ = {isa = PBXBuildFile; fileRef = D9069333290FC4CB00BB779D /* UICollectionViewExtensions.swift */; };
		D9069345290FC4CB00BB779D /* UICollectionViewCellExtensions.swift in Sources */ = {isa = PBXBuildFile; fileRef = D9069335290FC4CB00BB779D /* UICollectionViewCellExtensions.swift */; };
		D9069346290FC4CB00BB779D /* UIImageViewExtensions.swift in Sources */ = {isa = PBXBuildFile; fileRef = D9069337290FC4CB00BB779D /* UIImageViewExtensions.swift */; };
		D9069347290FC4CB00BB779D /* UIViewControllerExtensions.swift in Sources */ = {isa = PBXBuildFile; fileRef = D906933A290FC4CB00BB779D /* UIViewControllerExtensions.swift */; };
		D9069348290FC4CB00BB779D /* UITableViewExtensions.swift in Sources */ = {isa = PBXBuildFile; fileRef = D906933C290FC4CB00BB779D /* UITableViewExtensions.swift */; };
		D9069349290FC4CB00BB779D /* StringExtensions.swift in Sources */ = {isa = PBXBuildFile; fileRef = D906933E290FC4CB00BB779D /* StringExtensions.swift */; };
		D906934C290FC5C400BB779D /* Toast in Frameworks */ = {isa = PBXBuildFile; productRef = D906934B290FC5C400BB779D /* Toast */; };
/* End PBXBuildFile section */

/* Begin PBXFileReference section */
		D90692F4290FB39100BB779D /* shoppingApp.app */ = {isa = PBXFileReference; explicitFileType = wrapper.application; includeInIndex = 0; path = shoppingApp.app; sourceTree = BUILT_PRODUCTS_DIR; };
		D90692F7290FB39100BB779D /* AppDelegate.swift */ = {isa = PBXFileReference; lastKnownFileType = sourcecode.swift; path = AppDelegate.swift; sourceTree = "<group>"; };
		D90692FB290FB39100BB779D /* LaunchViewController.swift */ = {isa = PBXFileReference; lastKnownFileType = sourcecode.swift; path = LaunchViewController.swift; sourceTree = "<group>"; };
		D90692FE290FB39100BB779D /* Base */ = {isa = PBXFileReference; lastKnownFileType = file.storyboard; name = Base; path = Base.lproj/Main.storyboard; sourceTree = "<group>"; };
		D9069300290FB39300BB779D /* Assets.xcassets */ = {isa = PBXFileReference; lastKnownFileType = folder.assetcatalog; path = Assets.xcassets; sourceTree = "<group>"; };
		D9069303290FB39300BB779D /* Base */ = {isa = PBXFileReference; lastKnownFileType = file.storyboard; name = Base; path = Base.lproj/LaunchScreen.storyboard; sourceTree = "<group>"; };
		D9069305290FB39300BB779D /* Info.plist */ = {isa = PBXFileReference; lastKnownFileType = text.plist.xml; path = Info.plist; sourceTree = "<group>"; };
		D906930D290FB5E200BB779D /* GoogleService-Info.plist */ = {isa = PBXFileReference; fileEncoding = 4; lastKnownFileType = text.plist.xml; path = "GoogleService-Info.plist"; sourceTree = "<group>"; };
		D906931A290FB78500BB779D /* AuthViewModel.swift */ = {isa = PBXFileReference; fileEncoding = 4; lastKnownFileType = sourcecode.swift; path = AuthViewModel.swift; sourceTree = "<group>"; };
		D906931C290FB78500BB779D /* AuthViewController.swift */ = {isa = PBXFileReference; fileEncoding = 4; lastKnownFileType = sourcecode.swift; path = AuthViewController.swift; sourceTree = "<group>"; };
		D906931E290FB78500BB779D /* AuthViewController.xib */ = {isa = PBXFileReference; fileEncoding = 4; lastKnownFileType = file.xib; path = AuthViewController.xib; sourceTree = "<group>"; };
		D9069324290FC4C400BB779D /* AlertManager.swift */ = {isa = PBXFileReference; fileEncoding = 4; lastKnownFileType = sourcecode.swift; path = AlertManager.swift; sourceTree = "<group>"; };
		D9069325290FC4C400BB779D /* FirebaseManager.swift */ = {isa = PBXFileReference; fileEncoding = 4; lastKnownFileType = sourcecode.swift; path = FirebaseManager.swift; sourceTree = "<group>"; };
		D9069329290FC4CB00BB779D /* SpinerViewController.swift */ = {isa = PBXFileReference; fileEncoding = 4; lastKnownFileType = sourcecode.swift; path = SpinerViewController.swift; sourceTree = "<group>"; };
		D906932B290FC4CB00BB779D /* UIImageExtensions.swift */ = {isa = PBXFileReference; fileEncoding = 4; lastKnownFileType = sourcecode.swift; path = UIImageExtensions.swift; sourceTree = "<group>"; };
		D906932D290FC4CB00BB779D /* UIApplication.swift */ = {isa = PBXFileReference; fileEncoding = 4; lastKnownFileType = sourcecode.swift; path = UIApplication.swift; sourceTree = "<group>"; };
		D906932F290FC4CB00BB779D /* UITableViewCellExtensions.swift */ = {isa = PBXFileReference; fileEncoding = 4; lastKnownFileType = sourcecode.swift; path = UITableViewCellExtensions.swift; sourceTree = "<group>"; };
		D9069331290FC4CB00BB779D /* UIColor+Extensions.swift */ = {isa = PBXFileReference; fileEncoding = 4; lastKnownFileType = sourcecode.swift; path = "UIColor+Extensions.swift"; sourceTree = "<group>"; };
		D9069333290FC4CB00BB779D /* UICollectionViewExtensions.swift */ = {isa = PBXFileReference; fileEncoding = 4; lastKnownFileType = sourcecode.swift; path = UICollectionViewExtensions.swift; sourceTree = "<group>"; };
		D9069335290FC4CB00BB779D /* UICollectionViewCellExtensions.swift */ = {isa = PBXFileReference; fileEncoding = 4; lastKnownFileType = sourcecode.swift; path = UICollectionViewCellExtensions.swift; sourceTree = "<group>"; };
		D9069337290FC4CB00BB779D /* UIImageViewExtensions.swift */ = {isa = PBXFileReference; fileEncoding = 4; lastKnownFileType = sourcecode.swift; path = UIImageViewExtensions.swift; sourceTree = "<group>"; };
		D906933A290FC4CB00BB779D /* UIViewControllerExtensions.swift */ = {isa = PBXFileReference; fileEncoding = 4; lastKnownFileType = sourcecode.swift; path = UIViewControllerExtensions.swift; sourceTree = "<group>"; };
		D906933C290FC4CB00BB779D /* UITableViewExtensions.swift */ = {isa = PBXFileReference; fileEncoding = 4; lastKnownFileType = sourcecode.swift; path = UITableViewExtensions.swift; sourceTree = "<group>"; };
		D906933E290FC4CB00BB779D /* StringExtensions.swift */ = {isa = PBXFileReference; fileEncoding = 4; lastKnownFileType = sourcecode.swift; path = StringExtensions.swift; sourceTree = "<group>"; };
/* End PBXFileReference section */

/* Begin PBXFrameworksBuildPhase section */
		D90692F1290FB39100BB779D /* Frameworks */ = {
			isa = PBXFrameworksBuildPhase;
			buildActionMask = 2147483647;
			files = (
				D9069313290FB68300BB779D /* FirebaseDatabase in Frameworks */,
				D9069311290FB68300BB779D /* FirebaseAuth in Frameworks */,
				D9069315290FB68300BB779D /* FirebaseFirestore in Frameworks */,
				D906934C290FC5C400BB779D /* Toast in Frameworks */,
				D9069317290FB68300BB779D /* FirebaseRemoteConfig in Frameworks */,
			);
			runOnlyForDeploymentPostprocessing = 0;
		};
/* End PBXFrameworksBuildPhase section */

/* Begin PBXGroup section */
		D90692EB290FB39100BB779D = {
			isa = PBXGroup;
			children = (
				D90692F6290FB39100BB779D /* shoppingApp */,
				D90692F5290FB39100BB779D /* Products */,
			);
			sourceTree = "<group>";
		};
		D90692F5290FB39100BB779D /* Products */ = {
			isa = PBXGroup;
			children = (
				D90692F4290FB39100BB779D /* shoppingApp.app */,
			);
			name = Products;
			sourceTree = "<group>";
		};
		D90692F6290FB39100BB779D /* shoppingApp */ = {
			isa = PBXGroup;
			children = (
				D9069322290FC4B800BB779D /* Core */,
				D906930C290FB54B00BB779D /* Scenes */,
				D906930B290FB54500BB779D /* Models */,
				D90692F7290FB39100BB779D /* AppDelegate.swift */,
				D90692FB290FB39100BB779D /* LaunchViewController.swift */,
				D90692FD290FB39100BB779D /* Main.storyboard */,
				D9069300290FB39300BB779D /* Assets.xcassets */,
				D9069302290FB39300BB779D /* LaunchScreen.storyboard */,
				D9069305290FB39300BB779D /* Info.plist */,
				D906930D290FB5E200BB779D /* GoogleService-Info.plist */,
			);
			path = shoppingApp;
			sourceTree = "<group>";
		};
		D906930B290FB54500BB779D /* Models */ = {
			isa = PBXGroup;
			children = (
			);
			path = Models;
			sourceTree = "<group>";
		};
		D906930C290FB54B00BB779D /* Scenes */ = {
			isa = PBXGroup;
			children = (
				D9069318290FB78500BB779D /* Auth */,
			);
			path = Scenes;
			sourceTree = "<group>";
		};
		D9069318290FB78500BB779D /* Auth */ = {
			isa = PBXGroup;
			children = (
				D9069319290FB78500BB779D /* ViewModel */,
				D906931B290FB78500BB779D /* Controller */,
				D906931D290FB78500BB779D /* View */,
			);
			path = Auth;
			sourceTree = "<group>";
		};
		D9069319290FB78500BB779D /* ViewModel */ = {
			isa = PBXGroup;
			children = (
				D906931A290FB78500BB779D /* AuthViewModel.swift */,
			);
			path = ViewModel;
			sourceTree = "<group>";
		};
		D906931B290FB78500BB779D /* Controller */ = {
			isa = PBXGroup;
			children = (
				D906931C290FB78500BB779D /* AuthViewController.swift */,
			);
			path = Controller;
			sourceTree = "<group>";
		};
		D906931D290FB78500BB779D /* View */ = {
			isa = PBXGroup;
			children = (
				D906931E290FB78500BB779D /* AuthViewController.xib */,
			);
			path = View;
			sourceTree = "<group>";
		};
		D9069322290FC4B800BB779D /* Core */ = {
			isa = PBXGroup;
			children = (
				D9069328290FC4CB00BB779D /* Extensions */,
				D9069323290FC4C400BB779D /* Helpers */,
			);
			path = Core;
			sourceTree = "<group>";
		};
		D9069323290FC4C400BB779D /* Helpers */ = {
			isa = PBXGroup;
			children = (
				D9069324290FC4C400BB779D /* AlertManager.swift */,
				D9069325290FC4C400BB779D /* FirebaseManager.swift */,
			);
			path = Helpers;
			sourceTree = "<group>";
		};
		D9069328290FC4CB00BB779D /* Extensions */ = {
			isa = PBXGroup;
			children = (
				D9069329290FC4CB00BB779D /* SpinerViewController.swift */,
				D906932A290FC4CB00BB779D /* UIImage */,
				D906932C290FC4CB00BB779D /* UIApplication */,
				D906932E290FC4CB00BB779D /* UITableViewCell */,
				D9069330290FC4CB00BB779D /* UIColor */,
				D9069332290FC4CB00BB779D /* UICollectionView */,
				D9069334290FC4CB00BB779D /* UICollectionViewCell */,
				D9069336290FC4CB00BB779D /* UIImageView */,
				D9069338290FC4CB00BB779D /* Int */,
				D9069339290FC4CB00BB779D /* UIViewController */,
				D906933B290FC4CB00BB779D /* UITableView */,
				D906933D290FC4CB00BB779D /* String */,
			);
			path = Extensions;
			sourceTree = "<group>";
		};
		D906932A290FC4CB00BB779D /* UIImage */ = {
			isa = PBXGroup;
			children = (
				D906932B290FC4CB00BB779D /* UIImageExtensions.swift */,
			);
			path = UIImage;
			sourceTree = "<group>";
		};
		D906932C290FC4CB00BB779D /* UIApplication */ = {
			isa = PBXGroup;
			children = (
				D906932D290FC4CB00BB779D /* UIApplication.swift */,
			);
			path = UIApplication;
			sourceTree = "<group>";
		};
		D906932E290FC4CB00BB779D /* UITableViewCell */ = {
			isa = PBXGroup;
			children = (
				D906932F290FC4CB00BB779D /* UITableViewCellExtensions.swift */,
			);
			path = UITableViewCell;
			sourceTree = "<group>";
		};
		D9069330290FC4CB00BB779D /* UIColor */ = {
			isa = PBXGroup;
			children = (
				D9069331290FC4CB00BB779D /* UIColor+Extensions.swift */,
			);
			path = UIColor;
			sourceTree = "<group>";
		};
		D9069332290FC4CB00BB779D /* UICollectionView */ = {
			isa = PBXGroup;
			children = (
				D9069333290FC4CB00BB779D /* UICollectionViewExtensions.swift */,
			);
			path = UICollectionView;
			sourceTree = "<group>";
		};
		D9069334290FC4CB00BB779D /* UICollectionViewCell */ = {
			isa = PBXGroup;
			children = (
				D9069335290FC4CB00BB779D /* UICollectionViewCellExtensions.swift */,
			);
			path = UICollectionViewCell;
			sourceTree = "<group>";
		};
		D9069336290FC4CB00BB779D /* UIImageView */ = {
			isa = PBXGroup;
			children = (
				D9069337290FC4CB00BB779D /* UIImageViewExtensions.swift */,
			);
			path = UIImageView;
			sourceTree = "<group>";
		};
		D9069338290FC4CB00BB779D /* Int */ = {
			isa = PBXGroup;
			children = (
			);
			path = Int;
			sourceTree = "<group>";
		};
		D9069339290FC4CB00BB779D /* UIViewController */ = {
			isa = PBXGroup;
			children = (
				D906933A290FC4CB00BB779D /* UIViewControllerExtensions.swift */,
			);
			path = UIViewController;
			sourceTree = "<group>";
		};
		D906933B290FC4CB00BB779D /* UITableView */ = {
			isa = PBXGroup;
			children = (
				D906933C290FC4CB00BB779D /* UITableViewExtensions.swift */,
			);
			path = UITableView;
			sourceTree = "<group>";
		};
		D906933D290FC4CB00BB779D /* String */ = {
			isa = PBXGroup;
			children = (
				D906933E290FC4CB00BB779D /* StringExtensions.swift */,
			);
			path = String;
			sourceTree = "<group>";
		};
/* End PBXGroup section */

/* Begin PBXNativeTarget section */
		D90692F3290FB39100BB779D /* shoppingApp */ = {
			isa = PBXNativeTarget;
			buildConfigurationList = D9069308290FB39300BB779D /* Build configuration list for PBXNativeTarget "shoppingApp" */;
			buildPhases = (
				D90692F0290FB39100BB779D /* Sources */,
				D90692F1290FB39100BB779D /* Frameworks */,
				D90692F2290FB39100BB779D /* Resources */,
			);
			buildRules = (
			);
			dependencies = (
			);
			name = shoppingApp;
			packageProductDependencies = (
				D9069310290FB68300BB779D /* FirebaseAuth */,
				D9069312290FB68300BB779D /* FirebaseDatabase */,
				D9069314290FB68300BB779D /* FirebaseFirestore */,
				D9069316290FB68300BB779D /* FirebaseRemoteConfig */,
				D906934B290FC5C400BB779D /* Toast */,
			);
			productName = shoppingApp;
			productReference = D90692F4290FB39100BB779D /* shoppingApp.app */;
			productType = "com.apple.product-type.application";
		};
/* End PBXNativeTarget section */

/* Begin PBXProject section */
		D90692EC290FB39100BB779D /* Project object */ = {
			isa = PBXProject;
			attributes = {
				BuildIndependentTargetsInParallel = 1;
				LastSwiftUpdateCheck = 1400;
				LastUpgradeCheck = 1400;
				TargetAttributes = {
					D90692F3290FB39100BB779D = {
						CreatedOnToolsVersion = 14.0.1;
					};
				};
			};
			buildConfigurationList = D90692EF290FB39100BB779D /* Build configuration list for PBXProject "shoppingApp" */;
			compatibilityVersion = "Xcode 14.0";
			developmentRegion = en;
			hasScannedForEncodings = 0;
			knownRegions = (
				en,
				Base,
			);
			mainGroup = D90692EB290FB39100BB779D;
			packageReferences = (
				D906930F290FB68300BB779D /* XCRemoteSwiftPackageReference "firebase-ios-sdk" */,
				D906934A290FC5C400BB779D /* XCRemoteSwiftPackageReference "Toast-Swift" */,
			);
			productRefGroup = D90692F5290FB39100BB779D /* Products */;
			projectDirPath = "";
			projectRoot = "";
			targets = (
				D90692F3290FB39100BB779D /* shoppingApp */,
			);
		};
/* End PBXProject section */

/* Begin PBXResourcesBuildPhase section */
		D90692F2290FB39100BB779D /* Resources */ = {
			isa = PBXResourcesBuildPhase;
			buildActionMask = 2147483647;
			files = (
				D9069304290FB39300BB779D /* LaunchScreen.storyboard in Resources */,
				D906930E290FB5E200BB779D /* GoogleService-Info.plist in Resources */,
				D9069321290FB78500BB779D /* AuthViewController.xib in Resources */,
				D9069301290FB39300BB779D /* Assets.xcassets in Resources */,
				D90692FF290FB39100BB779D /* Main.storyboard in Resources */,
			);
			runOnlyForDeploymentPostprocessing = 0;
		};
/* End PBXResourcesBuildPhase section */

/* Begin PBXSourcesBuildPhase section */
		D90692F0290FB39100BB779D /* Sources */ = {
			isa = PBXSourcesBuildPhase;
			buildActionMask = 2147483647;
			files = (
				D9069347290FC4CB00BB779D /* UIViewControllerExtensions.swift in Sources */,
				D9069340290FC4CB00BB779D /* UIImageExtensions.swift in Sources */,
				D906931F290FB78500BB779D /* AuthViewModel.swift in Sources */,
				D9069345290FC4CB00BB779D /* UICollectionViewCellExtensions.swift in Sources */,
				D9069342290FC4CB00BB779D /* UITableViewCellExtensions.swift in Sources */,
				D90692FC290FB39100BB779D /* LaunchViewController.swift in Sources */,
				D9069348290FC4CB00BB779D /* UITableViewExtensions.swift in Sources */,
				D9069327290FC4C400BB779D /* FirebaseManager.swift in Sources */,
				D9069326290FC4C400BB779D /* AlertManager.swift in Sources */,
				D9069320290FB78500BB779D /* AuthViewController.swift in Sources */,
				D9069343290FC4CB00BB779D /* UIColor+Extensions.swift in Sources */,
				D9069344290FC4CB00BB779D /* UICollectionViewExtensions.swift in Sources */,
				D9069349290FC4CB00BB779D /* StringExtensions.swift in Sources */,
				D906933F290FC4CB00BB779D /* SpinerViewController.swift in Sources */,
				D90692F8290FB39100BB779D /* AppDelegate.swift in Sources */,
				D9069341290FC4CB00BB779D /* UIApplication.swift in Sources */,
				D9069346290FC4CB00BB779D /* UIImageViewExtensions.swift in Sources */,
			);
			runOnlyForDeploymentPostprocessing = 0;
		};
/* End PBXSourcesBuildPhase section */

/* Begin PBXVariantGroup section */
		D90692FD290FB39100BB779D /* Main.storyboard */ = {
			isa = PBXVariantGroup;
			children = (
				D90692FE290FB39100BB779D /* Base */,
			);
			name = Main.storyboard;
			sourceTree = "<group>";
		};
		D9069302290FB39300BB779D /* LaunchScreen.storyboard */ = {
			isa = PBXVariantGroup;
			children = (
				D9069303290FB39300BB779D /* Base */,
			);
			name = LaunchScreen.storyboard;
			sourceTree = "<group>";
		};
/* End PBXVariantGroup section */

/* Begin XCBuildConfiguration section */
		D9069306290FB39300BB779D /* Debug */ = {
			isa = XCBuildConfiguration;
			buildSettings = {
				ALWAYS_SEARCH_USER_PATHS = NO;
				CLANG_ANALYZER_NONNULL = YES;
				CLANG_ANALYZER_NUMBER_OBJECT_CONVERSION = YES_AGGRESSIVE;
				CLANG_CXX_LANGUAGE_STANDARD = "gnu++20";
				CLANG_ENABLE_MODULES = YES;
				CLANG_ENABLE_OBJC_ARC = YES;
				CLANG_ENABLE_OBJC_WEAK = YES;
				CLANG_WARN_BLOCK_CAPTURE_AUTORELEASING = YES;
				CLANG_WARN_BOOL_CONVERSION = YES;
				CLANG_WARN_COMMA = YES;
				CLANG_WARN_CONSTANT_CONVERSION = YES;
				CLANG_WARN_DEPRECATED_OBJC_IMPLEMENTATIONS = YES;
				CLANG_WARN_DIRECT_OBJC_ISA_USAGE = YES_ERROR;
				CLANG_WARN_DOCUMENTATION_COMMENTS = YES;
				CLANG_WARN_EMPTY_BODY = YES;
				CLANG_WARN_ENUM_CONVERSION = YES;
				CLANG_WARN_INFINITE_RECURSION = YES;
				CLANG_WARN_INT_CONVERSION = YES;
				CLANG_WARN_NON_LITERAL_NULL_CONVERSION = YES;
				CLANG_WARN_OBJC_IMPLICIT_RETAIN_SELF = YES;
				CLANG_WARN_OBJC_LITERAL_CONVERSION = YES;
				CLANG_WARN_OBJC_ROOT_CLASS = YES_ERROR;
				CLANG_WARN_QUOTED_INCLUDE_IN_FRAMEWORK_HEADER = YES;
				CLANG_WARN_RANGE_LOOP_ANALYSIS = YES;
				CLANG_WARN_STRICT_PROTOTYPES = YES;
				CLANG_WARN_SUSPICIOUS_MOVE = YES;
				CLANG_WARN_UNGUARDED_AVAILABILITY = YES_AGGRESSIVE;
				CLANG_WARN_UNREACHABLE_CODE = YES;
				CLANG_WARN__DUPLICATE_METHOD_MATCH = YES;
				COPY_PHASE_STRIP = NO;
				DEBUG_INFORMATION_FORMAT = dwarf;
				ENABLE_STRICT_OBJC_MSGSEND = YES;
				ENABLE_TESTABILITY = YES;
				GCC_C_LANGUAGE_STANDARD = gnu11;
				GCC_DYNAMIC_NO_PIC = NO;
				GCC_NO_COMMON_BLOCKS = YES;
				GCC_OPTIMIZATION_LEVEL = 0;
				GCC_PREPROCESSOR_DEFINITIONS = (
					"DEBUG=1",
					"$(inherited)",
				);
				GCC_WARN_64_TO_32_BIT_CONVERSION = YES;
				GCC_WARN_ABOUT_RETURN_TYPE = YES_ERROR;
				GCC_WARN_UNDECLARED_SELECTOR = YES;
				GCC_WARN_UNINITIALIZED_AUTOS = YES_AGGRESSIVE;
				GCC_WARN_UNUSED_FUNCTION = YES;
				GCC_WARN_UNUSED_VARIABLE = YES;
				IPHONEOS_DEPLOYMENT_TARGET = 12.0;
				MTL_ENABLE_DEBUG_INFO = INCLUDE_SOURCE;
				MTL_FAST_MATH = YES;
				ONLY_ACTIVE_ARCH = YES;
				SDKROOT = iphoneos;
				SWIFT_ACTIVE_COMPILATION_CONDITIONS = DEBUG;
				SWIFT_OPTIMIZATION_LEVEL = "-Onone";
			};
			name = Debug;
		};
		D9069307290FB39300BB779D /* Release */ = {
			isa = XCBuildConfiguration;
			buildSettings = {
				ALWAYS_SEARCH_USER_PATHS = NO;
				CLANG_ANALYZER_NONNULL = YES;
				CLANG_ANALYZER_NUMBER_OBJECT_CONVERSION = YES_AGGRESSIVE;
				CLANG_CXX_LANGUAGE_STANDARD = "gnu++20";
				CLANG_ENABLE_MODULES = YES;
				CLANG_ENABLE_OBJC_ARC = YES;
				CLANG_ENABLE_OBJC_WEAK = YES;
				CLANG_WARN_BLOCK_CAPTURE_AUTORELEASING = YES;
				CLANG_WARN_BOOL_CONVERSION = YES;
				CLANG_WARN_COMMA = YES;
				CLANG_WARN_CONSTANT_CONVERSION = YES;
				CLANG_WARN_DEPRECATED_OBJC_IMPLEMENTATIONS = YES;
				CLANG_WARN_DIRECT_OBJC_ISA_USAGE = YES_ERROR;
				CLANG_WARN_DOCUMENTATION_COMMENTS = YES;
				CLANG_WARN_EMPTY_BODY = YES;
				CLANG_WARN_ENUM_CONVERSION = YES;
				CLANG_WARN_INFINITE_RECURSION = YES;
				CLANG_WARN_INT_CONVERSION = YES;
				CLANG_WARN_NON_LITERAL_NULL_CONVERSION = YES;
				CLANG_WARN_OBJC_IMPLICIT_RETAIN_SELF = YES;
				CLANG_WARN_OBJC_LITERAL_CONVERSION = YES;
				CLANG_WARN_OBJC_ROOT_CLASS = YES_ERROR;
				CLANG_WARN_QUOTED_INCLUDE_IN_FRAMEWORK_HEADER = YES;
				CLANG_WARN_RANGE_LOOP_ANALYSIS = YES;
				CLANG_WARN_STRICT_PROTOTYPES = YES;
				CLANG_WARN_SUSPICIOUS_MOVE = YES;
				CLANG_WARN_UNGUARDED_AVAILABILITY = YES_AGGRESSIVE;
				CLANG_WARN_UNREACHABLE_CODE = YES;
				CLANG_WARN__DUPLICATE_METHOD_MATCH = YES;
				COPY_PHASE_STRIP = NO;
				DEBUG_INFORMATION_FORMAT = "dwarf-with-dsym";
				ENABLE_NS_ASSERTIONS = NO;
				ENABLE_STRICT_OBJC_MSGSEND = YES;
				GCC_C_LANGUAGE_STANDARD = gnu11;
				GCC_NO_COMMON_BLOCKS = YES;
				GCC_WARN_64_TO_32_BIT_CONVERSION = YES;
				GCC_WARN_ABOUT_RETURN_TYPE = YES_ERROR;
				GCC_WARN_UNDECLARED_SELECTOR = YES;
				GCC_WARN_UNINITIALIZED_AUTOS = YES_AGGRESSIVE;
				GCC_WARN_UNUSED_FUNCTION = YES;
				GCC_WARN_UNUSED_VARIABLE = YES;
				IPHONEOS_DEPLOYMENT_TARGET = 12.0;
				MTL_ENABLE_DEBUG_INFO = NO;
				MTL_FAST_MATH = YES;
				SDKROOT = iphoneos;
				SWIFT_COMPILATION_MODE = wholemodule;
				SWIFT_OPTIMIZATION_LEVEL = "-O";
				VALIDATE_PRODUCT = YES;
			};
			name = Release;
		};
		D9069309290FB39300BB779D /* Debug */ = {
			isa = XCBuildConfiguration;
			buildSettings = {
				ASSETCATALOG_COMPILER_APPICON_NAME = AppIcon;
				ASSETCATALOG_COMPILER_GLOBAL_ACCENT_COLOR_NAME = AccentColor;
				CODE_SIGN_STYLE = Automatic;
				CURRENT_PROJECT_VERSION = 1;
				DEVELOPMENT_TEAM = NR35WN7L9Z;
				GENERATE_INFOPLIST_FILE = YES;
				INFOPLIST_FILE = shoppingApp/Info.plist;
				INFOPLIST_KEY_UIApplicationSupportsIndirectInputEvents = YES;
				INFOPLIST_KEY_UILaunchStoryboardName = LaunchScreen;
				INFOPLIST_KEY_UIMainStoryboardFile = Main;
				INFOPLIST_KEY_UISupportedInterfaceOrientations_iPad = "UIInterfaceOrientationPortrait UIInterfaceOrientationPortraitUpsideDown UIInterfaceOrientationLandscapeLeft UIInterfaceOrientationLandscapeRight";
				INFOPLIST_KEY_UISupportedInterfaceOrientations_iPhone = "UIInterfaceOrientationPortrait UIInterfaceOrientationLandscapeLeft UIInterfaceOrientationLandscapeRight";
				IPHONEOS_DEPLOYMENT_TARGET = 12.0;
				LD_RUNPATH_SEARCH_PATHS = (
					"$(inherited)",
					"@executable_path/Frameworks",
				);
				MARKETING_VERSION = 1.0;
				PRODUCT_BUNDLE_IDENTIFIER = muratsenol.shoppingApp;
				PRODUCT_NAME = "$(TARGET_NAME)";
				SWIFT_EMIT_LOC_STRINGS = YES;
				SWIFT_VERSION = 5.0;
				TARGETED_DEVICE_FAMILY = "1,2";
			};
			name = Debug;
		};
		D906930A290FB39300BB779D /* Release */ = {
			isa = XCBuildConfiguration;
			buildSettings = {
				ASSETCATALOG_COMPILER_APPICON_NAME = AppIcon;
				ASSETCATALOG_COMPILER_GLOBAL_ACCENT_COLOR_NAME = AccentColor;
				CODE_SIGN_STYLE = Automatic;
				CURRENT_PROJECT_VERSION = 1;
				DEVELOPMENT_TEAM = NR35WN7L9Z;
				GENERATE_INFOPLIST_FILE = YES;
				INFOPLIST_FILE = shoppingApp/Info.plist;
				INFOPLIST_KEY_UIApplicationSupportsIndirectInputEvents = YES;
				INFOPLIST_KEY_UILaunchStoryboardName = LaunchScreen;
				INFOPLIST_KEY_UIMainStoryboardFile = Main;
				INFOPLIST_KEY_UISupportedInterfaceOrientations_iPad = "UIInterfaceOrientationPortrait UIInterfaceOrientationPortraitUpsideDown UIInterfaceOrientationLandscapeLeft UIInterfaceOrientationLandscapeRight";
				INFOPLIST_KEY_UISupportedInterfaceOrientations_iPhone = "UIInterfaceOrientationPortrait UIInterfaceOrientationLandscapeLeft UIInterfaceOrientationLandscapeRight";
				IPHONEOS_DEPLOYMENT_TARGET = 12.0;
				LD_RUNPATH_SEARCH_PATHS = (
					"$(inherited)",
					"@executable_path/Frameworks",
				);
				MARKETING_VERSION = 1.0;
				PRODUCT_BUNDLE_IDENTIFIER = muratsenol.shoppingApp;
				PRODUCT_NAME = "$(TARGET_NAME)";
				SWIFT_EMIT_LOC_STRINGS = YES;
				SWIFT_VERSION = 5.0;
				TARGETED_DEVICE_FAMILY = "1,2";
			};
			name = Release;
		};
/* End XCBuildConfiguration section */

/* Begin XCConfigurationList section */
		D90692EF290FB39100BB779D /* Build configuration list for PBXProject "shoppingApp" */ = {
			isa = XCConfigurationList;
			buildConfigurations = (
				D9069306290FB39300BB779D /* Debug */,
				D9069307290FB39300BB779D /* Release */,
			);
			defaultConfigurationIsVisible = 0;
			defaultConfigurationName = Release;
		};
		D9069308290FB39300BB779D /* Build configuration list for PBXNativeTarget "shoppingApp" */ = {
			isa = XCConfigurationList;
			buildConfigurations = (
				D9069309290FB39300BB779D /* Debug */,
				D906930A290FB39300BB779D /* Release */,
			);
			defaultConfigurationIsVisible = 0;
			defaultConfigurationName = Release;
		};
/* End XCConfigurationList section */

/* Begin XCRemoteSwiftPackageReference section */
		D906930F290FB68300BB779D /* XCRemoteSwiftPackageReference "firebase-ios-sdk" */ = {
			isa = XCRemoteSwiftPackageReference;
			repositoryURL = "https://github.com/firebase/firebase-ios-sdk";
			requirement = {
				branch = master;
				kind = branch;
			};
		};
		D906934A290FC5C400BB779D /* XCRemoteSwiftPackageReference "Toast-Swift" */ = {
			isa = XCRemoteSwiftPackageReference;
			repositoryURL = "https://github.com/scalessec/Toast-Swift.git";
			requirement = {
				branch = master;
				kind = branch;
			};
		};
/* End XCRemoteSwiftPackageReference section */

/* Begin XCSwiftPackageProductDependency section */
		D9069310290FB68300BB779D /* FirebaseAuth */ = {
			isa = XCSwiftPackageProductDependency;
			package = D906930F290FB68300BB779D /* XCRemoteSwiftPackageReference "firebase-ios-sdk" */;
			productName = FirebaseAuth;
		};
		D9069312290FB68300BB779D /* FirebaseDatabase */ = {
			isa = XCSwiftPackageProductDependency;
			package = D906930F290FB68300BB779D /* XCRemoteSwiftPackageReference "firebase-ios-sdk" */;
			productName = FirebaseDatabase;
		};
		D9069314290FB68300BB779D /* FirebaseFirestore */ = {
			isa = XCSwiftPackageProductDependency;
			package = D906930F290FB68300BB779D /* XCRemoteSwiftPackageReference "firebase-ios-sdk" */;
			productName = FirebaseFirestore;
		};
		D9069316290FB68300BB779D /* FirebaseRemoteConfig */ = {
			isa = XCSwiftPackageProductDependency;
			package = D906930F290FB68300BB779D /* XCRemoteSwiftPackageReference "firebase-ios-sdk" */;
			productName = FirebaseRemoteConfig;
		};
		D906934B290FC5C400BB779D /* Toast */ = {
			isa = XCSwiftPackageProductDependency;
			package = D906934A290FC5C400BB779D /* XCRemoteSwiftPackageReference "Toast-Swift" */;
			productName = Toast;
		};
/* End XCSwiftPackageProductDependency section */
	};
	rootObject = D90692EC290FB39100BB779D /* Project object */;
}
