// !$*UTF8*$!
{
	archiveVersion = 1;
	classes = {
	};
	objectVersion = 56;
	objects = {

/* Begin PBXBuildFile section */
		D90692F8290FB39100BB779D /* AppDelegate.swift in Sources */ = {isa = PBXBuildFile; fileRef = D90692F7290FB39100BB779D /* AppDelegate.swift */; };
		D90692FC290FB39100BB779D /* LaunchViewController.swift in Sources */ = {isa = PBXBuildFile; fileRef = D90692FB290FB39100BB779D /* LaunchViewController.swift */; };
		D90692FF290FB39100BB779D /* Main.storyboard in Resources */ = {isa = PBXBuildFile; fileRef = D90692FD290FB39100BB779D /* Main.storyboard */; };
		D9069301290FB39300BB779D /* Assets.xcassets in Resources */ = {isa = PBXBuildFile; fileRef = D9069300290FB39300BB779D /* Assets.xcassets */; };
		D9069304290FB39300BB779D /* LaunchScreen.storyboard in Resources */ = {isa = PBXBuildFile; fileRef = D9069302290FB39300BB779D /* LaunchScreen.storyboard */; };
		D906930E290FB5E200BB779D /* GoogleService-Info.plist in Resources */ = {isa = PBXBuildFile; fileRef = D906930D290FB5E200BB779D /* GoogleService-Info.plist */; };
		D9069311290FB68300BB779D /* FirebaseAuth in Frameworks */ = {isa = PBXBuildFile; productRef = D9069310290FB68300BB779D /* FirebaseAuth */; };
		D9069313290FB68300BB779D /* FirebaseDatabase in Frameworks */ = {isa = PBXBuildFile; productRef = D9069312290FB68300BB779D /* FirebaseDatabase */; };
		D9069315290FB68300BB779D /* FirebaseFirestore in Frameworks */ = {isa = PBXBuildFile; productRef = D9069314290FB68300BB779D /* FirebaseFirestore */; };
		D9069317290FB68300BB779D /* FirebaseRemoteConfig in Frameworks */ = {isa = PBXBuildFile; productRef = D9069316290FB68300BB779D /* FirebaseRemoteConfig */; };
		D906931F290FB78500BB779D /* AuthViewModel.swift in Sources */ = {isa = PBXBuildFile; fileRef = D906931A290FB78500BB779D /* AuthViewModel.swift */; };
		D9069320290FB78500BB779D /* AuthViewController.swift in Sources */ = {isa = PBXBuildFile; fileRef = D906931C290FB78500BB779D /* AuthViewController.swift */; };
		D9069321290FB78500BB779D /* AuthViewController.xib in Resources */ = {isa = PBXBuildFile; fileRef = D906931E290FB78500BB779D /* AuthViewController.xib */; };
		D9069326290FC4C400BB779D /* AlertManager.swift in Sources */ = {isa = PBXBuildFile; fileRef = D9069324290FC4C400BB779D /* AlertManager.swift */; };
		D9069327290FC4C400BB779D /* FirebaseManager.swift in Sources */ = {isa = PBXBuildFile; fileRef = D9069325290FC4C400BB779D /* FirebaseManager.swift */; };
		D906933F290FC4CB00BB779D /* SpinerViewController.swift in Sources */ = {isa = PBXBuildFile; fileRef = D9069329290FC4CB00BB779D /* SpinerViewController.swift */; };
		D9069340290FC4CB00BB779D /* UIImageExtensions.swift in Sources */ = {isa = PBXBuildFile; fileRef = D906932B290FC4CB00BB779D /* UIImageExtensions.swift */; };
		D9069341290FC4CB00BB779D /* UIApplication.swift in Sources */ = {isa = PBXBuildFile; fileRef = D906932D290FC4CB00BB779D /* UIApplication.swift */; };
		D9069342290FC4CB00BB779D /* UITableViewCellExtensions.swift in Sources */ = {isa = PBXBuildFile; fileRef = D906932F290FC4CB00BB779D /* UITableViewCellExtensions.swift */; };
		D9069343290FC4CB00BB779D /* UIColor+Extensions.swift in Sources */ = {isa = PBXBuildFile; fileRef = D9069331290FC4CB00BB779D /* UIColor+Extensions.swift */; };
		D9069344290FC4CB00BB779D /* UICollectionViewExtensions.swift in Sources */ = {isa = PBXBuildFile; fileRef = D9069333290FC4CB00BB779D /* UICollectionViewExtensions.swift */; };
		D9069345290FC4CB00BB779D /* UICollectionViewCellExtensions.swift in Sources */ = {isa = PBXBuildFile; fileRef = D9069335290FC4CB00BB779D /* UICollectionViewCellExtensions.swift */; };
		D9069346290FC4CB00BB779D /* UIImageViewExtensions.swift in Sources */ = {isa = PBXBuildFile; fileRef = D9069337290FC4CB00BB779D /* UIImageViewExtensions.swift */; };
		D9069347290FC4CB00BB779D /* UIViewControllerExtensions.swift in Sources */ = {isa = PBXBuildFile; fileRef = D906933A290FC4CB00BB779D /* UIViewControllerExtensions.swift */; };
		D9069348290FC4CB00BB779D /* UITableViewExtensions.swift in Sources */ = {isa = PBXBuildFile; fileRef = D906933C290FC4CB00BB779D /* UITableViewExtensions.swift */; };
		D9069349290FC4CB00BB779D /* StringExtensions.swift in Sources */ = {isa = PBXBuildFile; fileRef = D906933E290FC4CB00BB779D /* StringExtensions.swift */; };
		D906934C290FC5C400BB779D /* Toast in Frameworks */ = {isa = PBXBuildFile; productRef = D906934B290FC5C400BB779D /* Toast */; };
		D90FE7832913FB84008FB9AC /* UIButtonExtensions.swift in Sources */ = {isa = PBXBuildFile; fileRef = D90FE7822913FB84008FB9AC /* UIButtonExtensions.swift */; };
		D90FE7862913FBA4008FB9AC /* UIViewExtensions.swift in Sources */ = {isa = PBXBuildFile; fileRef = D90FE7852913FBA4008FB9AC /* UIViewExtensions.swift */; };
		D92AE1F62914029F00CDA738 /* API.framework in Frameworks */ = {isa = PBXBuildFile; fileRef = D92AE1F52914029F00CDA738 /* API.framework */; };
		D92AE1F72914029F00CDA738 /* API.framework in Embed Frameworks */ = {isa = PBXBuildFile; fileRef = D92AE1F52914029F00CDA738 /* API.framework */; settings = {ATTRIBUTES = (CodeSignOnCopy, RemoveHeadersOnCopy, ); }; };
		D92AE1FC2914051900CDA738 /* ProductCell.swift in Sources */ = {isa = PBXBuildFile; fileRef = D92AE1FA2914051900CDA738 /* ProductCell.swift */; };
		D92AE1FD2914051900CDA738 /* ProductCell.xib in Resources */ = {isa = PBXBuildFile; fileRef = D92AE1FB2914051900CDA738 /* ProductCell.xib */; };
		D92AE20029140ED100CDA738 /* DoubleExtensions.swift in Sources */ = {isa = PBXBuildFile; fileRef = D92AE1FF29140ED100CDA738 /* DoubleExtensions.swift */; };
		D93B6870291111A000A22842 /* OnboardingViewModel.swift in Sources */ = {isa = PBXBuildFile; fileRef = D93B686F291111A000A22842 /* OnboardingViewModel.swift */; };
		D95DBCB02911103F0019EE17 /* OnboardingViewController.swift in Sources */ = {isa = PBXBuildFile; fileRef = D95DBCAE2911103F0019EE17 /* OnboardingViewController.swift */; };
		D98B82912912B5CF002B63CB /* Kingfisher in Frameworks */ = {isa = PBXBuildFile; productRef = D98B82902912B5CF002B63CB /* Kingfisher */; };
		D99979D12915515400B8F532 /* FirebaseFirestoreSwift in Frameworks */ = {isa = PBXBuildFile; productRef = D99979D02915515400B8F532 /* FirebaseFirestoreSwift */; };
		D9B5B9A8291515430039E881 /* ProductsDetailViewModel.swift in Sources */ = {isa = PBXBuildFile; fileRef = D9B5B9A7291515430039E881 /* ProductsDetailViewModel.swift */; };
		D9B5B9AB291515560039E881 /* ProductsDetailViewController.swift in Sources */ = {isa = PBXBuildFile; fileRef = D9B5B9A9291515560039E881 /* ProductsDetailViewController.swift */; };
		D9B5B9AC291515560039E881 /* ProductsDetailViewController.xib in Resources */ = {isa = PBXBuildFile; fileRef = D9B5B9AA291515560039E881 /* ProductsDetailViewController.xib */; };
		D9B5B9B4291525770039E881 /* BasketViewModel.swift in Sources */ = {isa = PBXBuildFile; fileRef = D9B5B9AE291525770039E881 /* BasketViewModel.swift */; };
		D9B5B9B5291525770039E881 /* BasketViewController.swift in Sources */ = {isa = PBXBuildFile; fileRef = D9B5B9AF291525770039E881 /* BasketViewController.swift */; };
		D9B5B9B6291525770039E881 /* BasketViewController.xib in Resources */ = {isa = PBXBuildFile; fileRef = D9B5B9B0291525770039E881 /* BasketViewController.xib */; };
		D9B5B9B7291525770039E881 /* BasketItemCell.swift in Sources */ = {isa = PBXBuildFile; fileRef = D9B5B9B2291525770039E881 /* BasketItemCell.swift */; };
		D9B5B9B8291525770039E881 /* BasketItemCell.xib in Resources */ = {isa = PBXBuildFile; fileRef = D9B5B9B3291525770039E881 /* BasketItemCell.xib */; };
		D9BF7A97291115E40090E715 /* OnboardingView.swift in Sources */ = {isa = PBXBuildFile; fileRef = D9BF7A95291115E40090E715 /* OnboardingView.swift */; };
		D9BF7A98291115E40090E715 /* OnboardingView.xib in Resources */ = {isa = PBXBuildFile; fileRef = D9BF7A96291115E40090E715 /* OnboardingView.xib */; };
		D9BF7A9A291116010090E715 /* OnboardingViewController.xib in Resources */ = {isa = PBXBuildFile; fileRef = D9BF7A99291116010090E715 /* OnboardingViewController.xib */; };
		D9BF7AA0291118A40090E715 /* CSTextView.xib in Resources */ = {isa = PBXBuildFile; fileRef = D9BF7A9D291118A40090E715 /* CSTextView.xib */; };
		D9BF7AA1291118A40090E715 /* CSTextView.swift in Sources */ = {isa = PBXBuildFile; fileRef = D9BF7A9E291118A40090E715 /* CSTextView.swift */; };
		D9BF7AA2291118A40090E715 /* CSView.swift in Sources */ = {isa = PBXBuildFile; fileRef = D9BF7A9F291118A40090E715 /* CSView.swift */; };
		D9BF7AA829111EE60090E715 /* MainViewModel.swift in Sources */ = {isa = PBXBuildFile; fileRef = D9BF7AA729111EE60090E715 /* MainViewModel.swift */; };
		D9BF7AAF291120600090E715 /* MainViewController.swift in Sources */ = {isa = PBXBuildFile; fileRef = D9BF7AAD291120600090E715 /* MainViewController.swift */; };
		D9BF7AB2291120990090E715 /* ProductsViewModel.swift in Sources */ = {isa = PBXBuildFile; fileRef = D9BF7AB1291120990090E715 /* ProductsViewModel.swift */; };
		D9BF7AB5291120A80090E715 /* ProductsViewController.swift in Sources */ = {isa = PBXBuildFile; fileRef = D9BF7AB3291120A80090E715 /* ProductsViewController.swift */; };
		D9BF7AB6291120A80090E715 /* ProductsViewController.xib in Resources */ = {isa = PBXBuildFile; fileRef = D9BF7AB4291120A80090E715 /* ProductsViewController.xib */; };
		D9BF7AB8291120B50090E715 /* SearchViewModel.swift in Sources */ = {isa = PBXBuildFile; fileRef = D9BF7AB7291120B50090E715 /* SearchViewModel.swift */; };
		D9BF7ABB291120C20090E715 /* SearchViewController.swift in Sources */ = {isa = PBXBuildFile; fileRef = D9BF7AB9291120C20090E715 /* SearchViewController.swift */; };
		D9BF7ABC291120C20090E715 /* SearchViewController.xib in Resources */ = {isa = PBXBuildFile; fileRef = D9BF7ABA291120C20090E715 /* SearchViewController.xib */; };
		D9BF7ABE291120CD0090E715 /* ProfileViewModel.swift in Sources */ = {isa = PBXBuildFile; fileRef = D9BF7ABD291120CD0090E715 /* ProfileViewModel.swift */; };
		D9BF7AC1291120D80090E715 /* ProfileViewController.swift in Sources */ = {isa = PBXBuildFile; fileRef = D9BF7ABF291120D80090E715 /* ProfileViewController.swift */; };
		D9BF7AC2291120D80090E715 /* ProfileViewController.xib in Resources */ = {isa = PBXBuildFile; fileRef = D9BF7AC0291120D80090E715 /* ProfileViewController.xib */; };
/* End PBXBuildFile section */

/* Begin PBXCopyFilesBuildPhase section */
		D92AE1F82914029F00CDA738 /* Embed Frameworks */ = {
			isa = PBXCopyFilesBuildPhase;
			buildActionMask = 2147483647;
			dstPath = "";
			dstSubfolderSpec = 10;
			files = (
				D92AE1F72914029F00CDA738 /* API.framework in Embed Frameworks */,
			);
			name = "Embed Frameworks";
			runOnlyForDeploymentPostprocessing = 0;
		};
/* End PBXCopyFilesBuildPhase section */

/* Begin PBXFileReference section */
		D90692F4290FB39100BB779D /* shoppingApp.app */ = {isa = PBXFileReference; explicitFileType = wrapper.application; includeInIndex = 0; path = shoppingApp.app; sourceTree = BUILT_PRODUCTS_DIR; };
		D90692F7290FB39100BB779D /* AppDelegate.swift */ = {isa = PBXFileReference; lastKnownFileType = sourcecode.swift; path = AppDelegate.swift; sourceTree = "<group>"; };
		D90692FB290FB39100BB779D /* LaunchViewController.swift */ = {isa = PBXFileReference; lastKnownFileType = sourcecode.swift; path = LaunchViewController.swift; sourceTree = "<group>"; };
		D90692FE290FB39100BB779D /* Base */ = {isa = PBXFileReference; lastKnownFileType = file.storyboard; name = Base; path = Base.lproj/Main.storyboard; sourceTree = "<group>"; };
		D9069300290FB39300BB779D /* Assets.xcassets */ = {isa = PBXFileReference; lastKnownFileType = folder.assetcatalog; path = Assets.xcassets; sourceTree = "<group>"; };
		D9069303290FB39300BB779D /* Base */ = {isa = PBXFileReference; lastKnownFileType = file.storyboard; name = Base; path = Base.lproj/LaunchScreen.storyboard; sourceTree = "<group>"; };
		D9069305290FB39300BB779D /* Info.plist */ = {isa = PBXFileReference; lastKnownFileType = text.plist.xml; path = Info.plist; sourceTree = "<group>"; };
		D906930D290FB5E200BB779D /* GoogleService-Info.plist */ = {isa = PBXFileReference; fileEncoding = 4; lastKnownFileType = text.plist.xml; path = "GoogleService-Info.plist"; sourceTree = "<group>"; };
		D906931A290FB78500BB779D /* AuthViewModel.swift */ = {isa = PBXFileReference; fileEncoding = 4; lastKnownFileType = sourcecode.swift; path = AuthViewModel.swift; sourceTree = "<group>"; };
		D906931C290FB78500BB779D /* AuthViewController.swift */ = {isa = PBXFileReference; fileEncoding = 4; lastKnownFileType = sourcecode.swift; path = AuthViewController.swift; sourceTree = "<group>"; };
		D906931E290FB78500BB779D /* AuthViewController.xib */ = {isa = PBXFileReference; fileEncoding = 4; lastKnownFileType = file.xib; path = AuthViewController.xib; sourceTree = "<group>"; };
		D9069324290FC4C400BB779D /* AlertManager.swift */ = {isa = PBXFileReference; fileEncoding = 4; lastKnownFileType = sourcecode.swift; path = AlertManager.swift; sourceTree = "<group>"; };
		D9069325290FC4C400BB779D /* FirebaseManager.swift */ = {isa = PBXFileReference; fileEncoding = 4; lastKnownFileType = sourcecode.swift; path = FirebaseManager.swift; sourceTree = "<group>"; };
		D9069329290FC4CB00BB779D /* SpinerViewController.swift */ = {isa = PBXFileReference; fileEncoding = 4; lastKnownFileType = sourcecode.swift; path = SpinerViewController.swift; sourceTree = "<group>"; };
		D906932B290FC4CB00BB779D /* UIImageExtensions.swift */ = {isa = PBXFileReference; fileEncoding = 4; lastKnownFileType = sourcecode.swift; path = UIImageExtensions.swift; sourceTree = "<group>"; };
		D906932D290FC4CB00BB779D /* UIApplication.swift */ = {isa = PBXFileReference; fileEncoding = 4; lastKnownFileType = sourcecode.swift; path = UIApplication.swift; sourceTree = "<group>"; };
		D906932F290FC4CB00BB779D /* UITableViewCellExtensions.swift */ = {isa = PBXFileReference; fileEncoding = 4; lastKnownFileType = sourcecode.swift; path = UITableViewCellExtensions.swift; sourceTree = "<group>"; };
		D9069331290FC4CB00BB779D /* UIColor+Extensions.swift */ = {isa = PBXFileReference; fileEncoding = 4; lastKnownFileType = sourcecode.swift; path = "UIColor+Extensions.swift"; sourceTree = "<group>"; };
		D9069333290FC4CB00BB779D /* UICollectionViewExtensions.swift */ = {isa = PBXFileReference; fileEncoding = 4; lastKnownFileType = sourcecode.swift; path = UICollectionViewExtensions.swift; sourceTree = "<group>"; };
		D9069335290FC4CB00BB779D /* UICollectionViewCellExtensions.swift */ = {isa = PBXFileReference; fileEncoding = 4; lastKnownFileType = sourcecode.swift; path = UICollectionViewCellExtensions.swift; sourceTree = "<group>"; };
		D9069337290FC4CB00BB779D /* UIImageViewExtensions.swift */ = {isa = PBXFileReference; fileEncoding = 4; lastKnownFileType = sourcecode.swift; path = UIImageViewExtensions.swift; sourceTree = "<group>"; };
		D906933A290FC4CB00BB779D /* UIViewControllerExtensions.swift */ = {isa = PBXFileReference; fileEncoding = 4; lastKnownFileType = sourcecode.swift; path = UIViewControllerExtensions.swift; sourceTree = "<group>"; };
		D906933C290FC4CB00BB779D /* UITableViewExtensions.swift */ = {isa = PBXFileReference; fileEncoding = 4; lastKnownFileType = sourcecode.swift; path = UITableViewExtensions.swift; sourceTree = "<group>"; };
		D906933E290FC4CB00BB779D /* StringExtensions.swift */ = {isa = PBXFileReference; fileEncoding = 4; lastKnownFileType = sourcecode.swift; path = StringExtensions.swift; sourceTree = "<group>"; };
		D90FE7822913FB84008FB9AC /* UIButtonExtensions.swift */ = {isa = PBXFileReference; fileEncoding = 4; lastKnownFileType = sourcecode.swift; path = UIButtonExtensions.swift; sourceTree = "<group>"; };
		D90FE7852913FBA4008FB9AC /* UIViewExtensions.swift */ = {isa = PBXFileReference; lastKnownFileType = sourcecode.swift; path = UIViewExtensions.swift; sourceTree = "<group>"; };
		D92AE1F52914029F00CDA738 /* API.framework */ = {isa = PBXFileReference; explicitFileType = wrapper.framework; path = API.framework; sourceTree = BUILT_PRODUCTS_DIR; };
		D92AE1FA2914051900CDA738 /* ProductCell.swift */ = {isa = PBXFileReference; lastKnownFileType = sourcecode.swift; path = ProductCell.swift; sourceTree = "<group>"; };
		D92AE1FB2914051900CDA738 /* ProductCell.xib */ = {isa = PBXFileReference; lastKnownFileType = file.xib; path = ProductCell.xib; sourceTree = "<group>"; };
		D92AE1FF29140ED100CDA738 /* DoubleExtensions.swift */ = {isa = PBXFileReference; fileEncoding = 4; lastKnownFileType = sourcecode.swift; path = DoubleExtensions.swift; sourceTree = "<group>"; };
		D93B686F291111A000A22842 /* OnboardingViewModel.swift */ = {isa = PBXFileReference; lastKnownFileType = sourcecode.swift; path = OnboardingViewModel.swift; sourceTree = "<group>"; };
		D95DBCAE2911103F0019EE17 /* OnboardingViewController.swift */ = {isa = PBXFileReference; lastKnownFileType = sourcecode.swift; path = OnboardingViewController.swift; sourceTree = "<group>"; };
		D9B5B9A7291515430039E881 /* ProductsDetailViewModel.swift */ = {isa = PBXFileReference; lastKnownFileType = sourcecode.swift; path = ProductsDetailViewModel.swift; sourceTree = "<group>"; };
		D9B5B9A9291515560039E881 /* ProductsDetailViewController.swift */ = {isa = PBXFileReference; lastKnownFileType = sourcecode.swift; path = ProductsDetailViewController.swift; sourceTree = "<group>"; };
		D9B5B9AA291515560039E881 /* ProductsDetailViewController.xib */ = {isa = PBXFileReference; lastKnownFileType = file.xib; path = ProductsDetailViewController.xib; sourceTree = "<group>"; };
		D9B5B9AE291525770039E881 /* BasketViewModel.swift */ = {isa = PBXFileReference; fileEncoding = 4; lastKnownFileType = sourcecode.swift; path = BasketViewModel.swift; sourceTree = "<group>"; };
		D9B5B9AF291525770039E881 /* BasketViewController.swift */ = {isa = PBXFileReference; fileEncoding = 4; lastKnownFileType = sourcecode.swift; path = BasketViewController.swift; sourceTree = "<group>"; };
		D9B5B9B0291525770039E881 /* BasketViewController.xib */ = {isa = PBXFileReference; fileEncoding = 4; lastKnownFileType = file.xib; path = BasketViewController.xib; sourceTree = "<group>"; };
		D9B5B9B2291525770039E881 /* BasketItemCell.swift */ = {isa = PBXFileReference; fileEncoding = 4; lastKnownFileType = sourcecode.swift; path = BasketItemCell.swift; sourceTree = "<group>"; };
		D9B5B9B3291525770039E881 /* BasketItemCell.xib */ = {isa = PBXFileReference; fileEncoding = 4; lastKnownFileType = file.xib; path = BasketItemCell.xib; sourceTree = "<group>"; };
		D9BF7A95291115E40090E715 /* OnboardingView.swift */ = {isa = PBXFileReference; fileEncoding = 4; lastKnownFileType = sourcecode.swift; path = OnboardingView.swift; sourceTree = "<group>"; };
		D9BF7A96291115E40090E715 /* OnboardingView.xib */ = {isa = PBXFileReference; fileEncoding = 4; lastKnownFileType = file.xib; path = OnboardingView.xib; sourceTree = "<group>"; };
		D9BF7A99291116010090E715 /* OnboardingViewController.xib */ = {isa = PBXFileReference; fileEncoding = 4; lastKnownFileType = file.xib; path = OnboardingViewController.xib; sourceTree = "<group>"; };
		D9BF7A9D291118A40090E715 /* CSTextView.xib */ = {isa = PBXFileReference; fileEncoding = 4; lastKnownFileType = file.xib; path = CSTextView.xib; sourceTree = "<group>"; };
		D9BF7A9E291118A40090E715 /* CSTextView.swift */ = {isa = PBXFileReference; fileEncoding = 4; lastKnownFileType = sourcecode.swift; path = CSTextView.swift; sourceTree = "<group>"; };
		D9BF7A9F291118A40090E715 /* CSView.swift */ = {isa = PBXFileReference; fileEncoding = 4; lastKnownFileType = sourcecode.swift; path = CSView.swift; sourceTree = "<group>"; };
		D9BF7AA729111EE60090E715 /* MainViewModel.swift */ = {isa = PBXFileReference; lastKnownFileType = sourcecode.swift; path = MainViewModel.swift; sourceTree = "<group>"; };
		D9BF7AAD291120600090E715 /* MainViewController.swift */ = {isa = PBXFileReference; lastKnownFileType = sourcecode.swift; path = MainViewController.swift; sourceTree = "<group>"; };
		D9BF7AB1291120990090E715 /* ProductsViewModel.swift */ = {isa = PBXFileReference; lastKnownFileType = sourcecode.swift; path = ProductsViewModel.swift; sourceTree = "<group>"; };
		D9BF7AB3291120A80090E715 /* ProductsViewController.swift */ = {isa = PBXFileReference; lastKnownFileType = sourcecode.swift; path = ProductsViewController.swift; sourceTree = "<group>"; };
		D9BF7AB4291120A80090E715 /* ProductsViewController.xib */ = {isa = PBXFileReference; lastKnownFileType = file.xib; path = ProductsViewController.xib; sourceTree = "<group>"; };
		D9BF7AB7291120B50090E715 /* SearchViewModel.swift */ = {isa = PBXFileReference; lastKnownFileType = sourcecode.swift; path = SearchViewModel.swift; sourceTree = "<group>"; };
		D9BF7AB9291120C20090E715 /* SearchViewController.swift */ = {isa = PBXFileReference; lastKnownFileType = sourcecode.swift; path = SearchViewController.swift; sourceTree = "<group>"; };
		D9BF7ABA291120C20090E715 /* SearchViewController.xib */ = {isa = PBXFileReference; lastKnownFileType = file.xib; path = SearchViewController.xib; sourceTree = "<group>"; };
		D9BF7ABD291120CD0090E715 /* ProfileViewModel.swift */ = {isa = PBXFileReference; lastKnownFileType = sourcecode.swift; path = ProfileViewModel.swift; sourceTree = "<group>"; };
		D9BF7ABF291120D80090E715 /* ProfileViewController.swift */ = {isa = PBXFileReference; lastKnownFileType = sourcecode.swift; path = ProfileViewController.swift; sourceTree = "<group>"; };
		D9BF7AC0291120D80090E715 /* ProfileViewController.xib */ = {isa = PBXFileReference; lastKnownFileType = file.xib; path = ProfileViewController.xib; sourceTree = "<group>"; };
/* End PBXFileReference section */

/* Begin PBXFrameworksBuildPhase section */
		D90692F1290FB39100BB779D /* Frameworks */ = {
			isa = PBXFrameworksBuildPhase;
			buildActionMask = 2147483647;
			files = (
				D92AE1F62914029F00CDA738 /* API.framework in Frameworks */,
				D98B82912912B5CF002B63CB /* Kingfisher in Frameworks */,
				D9069313290FB68300BB779D /* FirebaseDatabase in Frameworks */,
				D9069311290FB68300BB779D /* FirebaseAuth in Frameworks */,
				D9069315290FB68300BB779D /* FirebaseFirestore in Frameworks */,
				D906934C290FC5C400BB779D /* Toast in Frameworks */,
				D9069317290FB68300BB779D /* FirebaseRemoteConfig in Frameworks */,
				D99979D12915515400B8F532 /* FirebaseFirestoreSwift in Frameworks */,
			);
			runOnlyForDeploymentPostprocessing = 0;
		};
/* End PBXFrameworksBuildPhase section */

/* Begin PBXGroup section */
		D90692EB290FB39100BB779D = {
			isa = PBXGroup;
			children = (
				D90692F6290FB39100BB779D /* shoppingApp */,
				D90692F5290FB39100BB779D /* Products */,
				D92AE1F42914029F00CDA738 /* Frameworks */,
			);
			sourceTree = "<group>";
		};
		D90692F5290FB39100BB779D /* Products */ = {
			isa = PBXGroup;
			children = (
				D90692F4290FB39100BB779D /* shoppingApp.app */,
			);
			name = Products;
			sourceTree = "<group>";
		};
		D90692F6290FB39100BB779D /* shoppingApp */ = {
			isa = PBXGroup;
			children = (
				D9069322290FC4B800BB779D /* Core */,
				D906930C290FB54B00BB779D /* Scenes */,
				D906930B290FB54500BB779D /* Models */,
				D90692F7290FB39100BB779D /* AppDelegate.swift */,
				D90692FB290FB39100BB779D /* LaunchViewController.swift */,
				D90692FD290FB39100BB779D /* Main.storyboard */,
				D9069300290FB39300BB779D /* Assets.xcassets */,
				D9069302290FB39300BB779D /* LaunchScreen.storyboard */,
				D9069305290FB39300BB779D /* Info.plist */,
				D906930D290FB5E200BB779D /* GoogleService-Info.plist */,
			);
			path = shoppingApp;
			sourceTree = "<group>";
		};
		D906930B290FB54500BB779D /* Models */ = {
			isa = PBXGroup;
			children = (
			);
			path = Models;
			sourceTree = "<group>";
		};
		D906930C290FB54B00BB779D /* Scenes */ = {
			isa = PBXGroup;
			children = (
				D9B5B9AD291525770039E881 /* Basket */,
				D9BF7AA329111EAF0090E715 /* Main */,
				D9EC3A3D29110D3200049C9C /* Onboarding */,
				D9069318290FB78500BB779D /* Auth */,
			);
			path = Scenes;
			sourceTree = "<group>";
		};
		D9069318290FB78500BB779D /* Auth */ = {
			isa = PBXGroup;
			children = (
				D9069319290FB78500BB779D /* ViewModel */,
				D906931B290FB78500BB779D /* Controller */,
				D906931D290FB78500BB779D /* View */,
			);
			path = Auth;
			sourceTree = "<group>";
		};
		D9069319290FB78500BB779D /* ViewModel */ = {
			isa = PBXGroup;
			children = (
				D906931A290FB78500BB779D /* AuthViewModel.swift */,
			);
			path = ViewModel;
			sourceTree = "<group>";
		};
		D906931B290FB78500BB779D /* Controller */ = {
			isa = PBXGroup;
			children = (
				D906931C290FB78500BB779D /* AuthViewController.swift */,
			);
			path = Controller;
			sourceTree = "<group>";
		};
		D906931D290FB78500BB779D /* View */ = {
			isa = PBXGroup;
			children = (
				D906931E290FB78500BB779D /* AuthViewController.xib */,
			);
			path = View;
			sourceTree = "<group>";
		};
		D9069322290FC4B800BB779D /* Core */ = {
			isa = PBXGroup;
			children = (
				D9069328290FC4CB00BB779D /* Extensions */,
				D9069323290FC4C400BB779D /* Helpers */,
			);
			path = Core;
			sourceTree = "<group>";
		};
		D9069323290FC4C400BB779D /* Helpers */ = {
			isa = PBXGroup;
			children = (
				D9BF7A9B291118A40090E715 /* CSKit */,
				D9069324290FC4C400BB779D /* AlertManager.swift */,
				D9069325290FC4C400BB779D /* FirebaseManager.swift */,
			);
			path = Helpers;
			sourceTree = "<group>";
		};
		D9069328290FC4CB00BB779D /* Extensions */ = {
			isa = PBXGroup;
			children = (
				D92AE1FE29140EC900CDA738 /* Double */,
				D90FE7842913FB95008FB9AC /* UIView */,
				D90FE7812913FB75008FB9AC /* UIButton */,
				D9069329290FC4CB00BB779D /* SpinerViewController.swift */,
				D906932A290FC4CB00BB779D /* UIImage */,
				D906932C290FC4CB00BB779D /* UIApplication */,
				D906932E290FC4CB00BB779D /* UITableViewCell */,
				D9069330290FC4CB00BB779D /* UIColor */,
				D9069332290FC4CB00BB779D /* UICollectionView */,
				D9069334290FC4CB00BB779D /* UICollectionViewCell */,
				D9069336290FC4CB00BB779D /* UIImageView */,
				D9069338290FC4CB00BB779D /* Int */,
				D9069339290FC4CB00BB779D /* UIViewController */,
				D906933B290FC4CB00BB779D /* UITableView */,
				D906933D290FC4CB00BB779D /* String */,
			);
			path = Extensions;
			sourceTree = "<group>";
		};
		D906932A290FC4CB00BB779D /* UIImage */ = {
			isa = PBXGroup;
			children = (
				D906932B290FC4CB00BB779D /* UIImageExtensions.swift */,
			);
			path = UIImage;
			sourceTree = "<group>";
		};
		D906932C290FC4CB00BB779D /* UIApplication */ = {
			isa = PBXGroup;
			children = (
				D906932D290FC4CB00BB779D /* UIApplication.swift */,
			);
			path = UIApplication;
			sourceTree = "<group>";
		};
		D906932E290FC4CB00BB779D /* UITableViewCell */ = {
			isa = PBXGroup;
			children = (
				D906932F290FC4CB00BB779D /* UITableViewCellExtensions.swift */,
			);
			path = UITableViewCell;
			sourceTree = "<group>";
		};
		D9069330290FC4CB00BB779D /* UIColor */ = {
			isa = PBXGroup;
			children = (
				D9069331290FC4CB00BB779D /* UIColor+Extensions.swift */,
			);
			path = UIColor;
			sourceTree = "<group>";
		};
		D9069332290FC4CB00BB779D /* UICollectionView */ = {
			isa = PBXGroup;
			children = (
				D9069333290FC4CB00BB779D /* UICollectionViewExtensions.swift */,
			);
			path = UICollectionView;
			sourceTree = "<group>";
		};
		D9069334290FC4CB00BB779D /* UICollectionViewCell */ = {
			isa = PBXGroup;
			children = (
				D9069335290FC4CB00BB779D /* UICollectionViewCellExtensions.swift */,
			);
			path = UICollectionViewCell;
			sourceTree = "<group>";
		};
		D9069336290FC4CB00BB779D /* UIImageView */ = {
			isa = PBXGroup;
			children = (
				D9069337290FC4CB00BB779D /* UIImageViewExtensions.swift */,
			);
			path = UIImageView;
			sourceTree = "<group>";
		};
		D9069338290FC4CB00BB779D /* Int */ = {
			isa = PBXGroup;
			children = (
			);
			path = Int;
			sourceTree = "<group>";
		};
		D9069339290FC4CB00BB779D /* UIViewController */ = {
			isa = PBXGroup;
			children = (
				D906933A290FC4CB00BB779D /* UIViewControllerExtensions.swift */,
			);
			path = UIViewController;
			sourceTree = "<group>";
		};
		D906933B290FC4CB00BB779D /* UITableView */ = {
			isa = PBXGroup;
			children = (
				D906933C290FC4CB00BB779D /* UITableViewExtensions.swift */,
			);
			path = UITableView;
			sourceTree = "<group>";
		};
		D906933D290FC4CB00BB779D /* String */ = {
			isa = PBXGroup;
			children = (
				D906933E290FC4CB00BB779D /* StringExtensions.swift */,
			);
			path = String;
			sourceTree = "<group>";
		};
		D90FE7812913FB75008FB9AC /* UIButton */ = {
			isa = PBXGroup;
			children = (
				D90FE7822913FB84008FB9AC /* UIButtonExtensions.swift */,
			);
			path = UIButton;
			sourceTree = "<group>";
		};
		D90FE7842913FB95008FB9AC /* UIView */ = {
			isa = PBXGroup;
			children = (
				D90FE7852913FBA4008FB9AC /* UIViewExtensions.swift */,
			);
			path = UIView;
			sourceTree = "<group>";
		};
		D92AE1F42914029F00CDA738 /* Frameworks */ = {
			isa = PBXGroup;
			children = (
				D92AE1F52914029F00CDA738 /* API.framework */,
			);
			name = Frameworks;
			sourceTree = "<group>";
		};
		D92AE1F92914050600CDA738 /* Cells */ = {
			isa = PBXGroup;
			children = (
				D92AE1FA2914051900CDA738 /* ProductCell.swift */,
				D92AE1FB2914051900CDA738 /* ProductCell.xib */,
			);
			path = Cells;
			sourceTree = "<group>";
		};
		D92AE1FE29140EC900CDA738 /* Double */ = {
			isa = PBXGroup;
			children = (
				D92AE1FF29140ED100CDA738 /* DoubleExtensions.swift */,
			);
			path = Double;
			sourceTree = "<group>";
		};
		D9B5B9A6291515220039E881 /* ProductDetail */ = {
			isa = PBXGroup;
			children = (
				D9B5B9A7291515430039E881 /* ProductsDetailViewModel.swift */,
				D9B5B9A9291515560039E881 /* ProductsDetailViewController.swift */,
				D9B5B9AA291515560039E881 /* ProductsDetailViewController.xib */,
			);
			path = ProductDetail;
			sourceTree = "<group>";
		};
		D9B5B9AD291525770039E881 /* Basket */ = {
			isa = PBXGroup;
			children = (
				D9B5B9AE291525770039E881 /* BasketViewModel.swift */,
				D9B5B9AF291525770039E881 /* BasketViewController.swift */,
				D9B5B9B0291525770039E881 /* BasketViewController.xib */,
				D9B5B9B1291525770039E881 /* Views */,
			);
			path = Basket;
			sourceTree = "<group>";
		};
		D9B5B9B1291525770039E881 /* Views */ = {
			isa = PBXGroup;
			children = (
				D9B5B9B2291525770039E881 /* BasketItemCell.swift */,
				D9B5B9B3291525770039E881 /* BasketItemCell.xib */,
			);
			path = Views;
			sourceTree = "<group>";
		};
		D9BF7A94291115E40090E715 /* Onboarding */ = {
			isa = PBXGroup;
			children = (
				D9BF7A95291115E40090E715 /* OnboardingView.swift */,
				D9BF7A96291115E40090E715 /* OnboardingView.xib */,
			);
			path = Onboarding;
			sourceTree = "<group>";
		};
		D9BF7A9B291118A40090E715 /* CSKit */ = {
			isa = PBXGroup;
			children = (
				D9BF7A9C291118A40090E715 /* CSTextView */,
				D9BF7A9F291118A40090E715 /* CSView.swift */,
			);
			path = CSKit;
			sourceTree = "<group>";
		};
		D9BF7A9C291118A40090E715 /* CSTextView */ = {
			isa = PBXGroup;
			children = (
				D9BF7A9D291118A40090E715 /* CSTextView.xib */,
				D9BF7A9E291118A40090E715 /* CSTextView.swift */,
			);
			path = CSTextView;
			sourceTree = "<group>";
		};
		D9BF7AA329111EAF0090E715 /* Main */ = {
			isa = PBXGroup;
			children = (
				D9BF7AA629111EC80090E715 /* Search */,
				D9BF7AA529111EC40090E715 /* Products */,
				D9BF7AA429111EBA0090E715 /* Profile */,
				D9BF7AA729111EE60090E715 /* MainViewModel.swift */,
				D9BF7AAD291120600090E715 /* MainViewController.swift */,
			);
			path = Main;
			sourceTree = "<group>";
		};
		D9BF7AA429111EBA0090E715 /* Profile */ = {
			isa = PBXGroup;
			children = (
				D9BF7ABD291120CD0090E715 /* ProfileViewModel.swift */,
				D9BF7ABF291120D80090E715 /* ProfileViewController.swift */,
				D9BF7AC0291120D80090E715 /* ProfileViewController.xib */,
			);
			path = Profile;
			sourceTree = "<group>";
		};
		D9BF7AA529111EC40090E715 /* Products */ = {
			isa = PBXGroup;
			children = (
				D9B5B9A6291515220039E881 /* ProductDetail */,
				D92AE1F92914050600CDA738 /* Cells */,
				D9BF7AB1291120990090E715 /* ProductsViewModel.swift */,
				D9BF7AB3291120A80090E715 /* ProductsViewController.swift */,
				D9BF7AB4291120A80090E715 /* ProductsViewController.xib */,
			);
			path = Products;
			sourceTree = "<group>";
		};
		D9BF7AA629111EC80090E715 /* Search */ = {
			isa = PBXGroup;
			children = (
				D9BF7AB7291120B50090E715 /* SearchViewModel.swift */,
				D9BF7AB9291120C20090E715 /* SearchViewController.swift */,
				D9BF7ABA291120C20090E715 /* SearchViewController.xib */,
			);
			path = Search;
			sourceTree = "<group>";
		};
		D9EC3A3D29110D3200049C9C /* Onboarding */ = {
			isa = PBXGroup;
			children = (
				D9EC3A4029110D4B00049C9C /* View */,
				D9EC3A3F29110D4600049C9C /* Controller */,
				D9EC3A3E29110D3900049C9C /* ViewModel */,
			);
			path = Onboarding;
			sourceTree = "<group>";
		};
		D9EC3A3E29110D3900049C9C /* ViewModel */ = {
			isa = PBXGroup;
			children = (
				D93B686F291111A000A22842 /* OnboardingViewModel.swift */,
			);
			path = ViewModel;
			sourceTree = "<group>";
		};
		D9EC3A3F29110D4600049C9C /* Controller */ = {
			isa = PBXGroup;
			children = (
				D95DBCAE2911103F0019EE17 /* OnboardingViewController.swift */,
			);
			path = Controller;
			sourceTree = "<group>";
		};
		D9EC3A4029110D4B00049C9C /* View */ = {
			isa = PBXGroup;
			children = (
				D9BF7A99291116010090E715 /* OnboardingViewController.xib */,
				D9BF7A94291115E40090E715 /* Onboarding */,
			);
			path = View;
			sourceTree = "<group>";
		};
/* End PBXGroup section */

/* Begin PBXNativeTarget section */
		D90692F3290FB39100BB779D /* shoppingApp */ = {
			isa = PBXNativeTarget;
			buildConfigurationList = D9069308290FB39300BB779D /* Build configuration list for PBXNativeTarget "shoppingApp" */;
			buildPhases = (
				D90692F0290FB39100BB779D /* Sources */,
				D90692F1290FB39100BB779D /* Frameworks */,
				D90692F2290FB39100BB779D /* Resources */,
				D92AE1F82914029F00CDA738 /* Embed Frameworks */,
			);
			buildRules = (
			);
			dependencies = (
			);
			name = shoppingApp;
			packageProductDependencies = (
				D9069310290FB68300BB779D /* FirebaseAuth */,
				D9069312290FB68300BB779D /* FirebaseDatabase */,
				D9069314290FB68300BB779D /* FirebaseFirestore */,
				D9069316290FB68300BB779D /* FirebaseRemoteConfig */,
				D906934B290FC5C400BB779D /* Toast */,
				D98B82902912B5CF002B63CB /* Kingfisher */,
				D99979D02915515400B8F532 /* FirebaseFirestoreSwift */,
			);
			productName = shoppingApp;
			productReference = D90692F4290FB39100BB779D /* shoppingApp.app */;
			productType = "com.apple.product-type.application";
		};
/* End PBXNativeTarget section */

/* Begin PBXProject section */
		D90692EC290FB39100BB779D /* Project object */ = {
			isa = PBXProject;
			attributes = {
				BuildIndependentTargetsInParallel = 1;
				LastSwiftUpdateCheck = 1400;
				LastUpgradeCheck = 1400;
				TargetAttributes = {
					D90692F3290FB39100BB779D = {
						CreatedOnToolsVersion = 14.0.1;
					};
				};
			};
			buildConfigurationList = D90692EF290FB39100BB779D /* Build configuration list for PBXProject "shoppingApp" */;
			compatibilityVersion = "Xcode 14.0";
			developmentRegion = en;
			hasScannedForEncodings = 0;
			knownRegions = (
				en,
				Base,
			);
			mainGroup = D90692EB290FB39100BB779D;
			packageReferences = (
				D906930F290FB68300BB779D /* XCRemoteSwiftPackageReference "firebase-ios-sdk" */,
				D906934A290FC5C400BB779D /* XCRemoteSwiftPackageReference "Toast-Swift" */,
				D98B828F2912B5CF002B63CB /* XCRemoteSwiftPackageReference "Kingfisher" */,
			);
			productRefGroup = D90692F5290FB39100BB779D /* Products */;
			projectDirPath = "";
			projectRoot = "";
			targets = (
				D90692F3290FB39100BB779D /* shoppingApp */,
			);
		};
/* End PBXProject section */

/* Begin PBXResourcesBuildPhase section */
		D90692F2290FB39100BB779D /* Resources */ = {
			isa = PBXResourcesBuildPhase;
			buildActionMask = 2147483647;
			files = (
				D9069304290FB39300BB779D /* LaunchScreen.storyboard in Resources */,
				D9B5B9AC291515560039E881 /* ProductsDetailViewController.xib in Resources */,
				D906930E290FB5E200BB779D /* GoogleService-Info.plist in Resources */,
				D9BF7AB6291120A80090E715 /* ProductsViewController.xib in Resources */,
				D9B5B9B6291525770039E881 /* BasketViewController.xib in Resources */,
				D9069321290FB78500BB779D /* AuthViewController.xib in Resources */,
				D9BF7A9A291116010090E715 /* OnboardingViewController.xib in Resources */,
				D9B5B9B8291525770039E881 /* BasketItemCell.xib in Resources */,
				D9BF7AC2291120D80090E715 /* ProfileViewController.xib in Resources */,
				D9BF7A98291115E40090E715 /* OnboardingView.xib in Resources */,
				D9BF7AA0291118A40090E715 /* CSTextView.xib in Resources */,
				D9069301290FB39300BB779D /* Assets.xcassets in Resources */,
				D92AE1FD2914051900CDA738 /* ProductCell.xib in Resources */,
				D9BF7ABC291120C20090E715 /* SearchViewController.xib in Resources */,
				D90692FF290FB39100BB779D /* Main.storyboard in Resources */,
			);
			runOnlyForDeploymentPostprocessing = 0;
		};
/* End PBXResourcesBuildPhase section */

/* Begin PBXSourcesBuildPhase section */
		D90692F0290FB39100BB779D /* Sources */ = {
			isa = PBXSourcesBuildPhase;
			buildActionMask = 2147483647;
			files = (
				D9069347290FC4CB00BB779D /* UIViewControllerExtensions.swift in Sources */,
				D9069340290FC4CB00BB779D /* UIImageExtensions.swift in Sources */,
				D9BF7ABE291120CD0090E715 /* ProfileViewModel.swift in Sources */,
				D906931F290FB78500BB779D /* AuthViewModel.swift in Sources */,
				D9069345290FC4CB00BB779D /* UICollectionViewCellExtensions.swift in Sources */,
				D9069342290FC4CB00BB779D /* UITableViewCellExtensions.swift in Sources */,
				D90692FC290FB39100BB779D /* LaunchViewController.swift in Sources */,
				D9069348290FC4CB00BB779D /* UITableViewExtensions.swift in Sources */,
				D95DBCB02911103F0019EE17 /* OnboardingViewController.swift in Sources */,
				D9B5B9B7291525770039E881 /* BasketItemCell.swift in Sources */,
				D9069327290FC4C400BB779D /* FirebaseManager.swift in Sources */,
				D9BF7AA1291118A40090E715 /* CSTextView.swift in Sources */,
				D9069326290FC4C400BB779D /* AlertManager.swift in Sources */,
				D92AE1FC2914051900CDA738 /* ProductCell.swift in Sources */,
				D9BF7AC1291120D80090E715 /* ProfileViewController.swift in Sources */,
				D9B5B9B5291525770039E881 /* BasketViewController.swift in Sources */,
				D9B5B9A8291515430039E881 /* ProductsDetailViewModel.swift in Sources */,
				D9069320290FB78500BB779D /* AuthViewController.swift in Sources */,
				D9069343290FC4CB00BB779D /* UIColor+Extensions.swift in Sources */,
				D9BF7AB2291120990090E715 /* ProductsViewModel.swift in Sources */,
				D93B6870291111A000A22842 /* OnboardingViewModel.swift in Sources */,
				D9BF7A97291115E40090E715 /* OnboardingView.swift in Sources */,
				D9BF7AB5291120A80090E715 /* ProductsViewController.swift in Sources */,
				D9BF7AAF291120600090E715 /* MainViewController.swift in Sources */,
				D9069344290FC4CB00BB779D /* UICollectionViewExtensions.swift in Sources */,
				D9B5B9AB291515560039E881 /* ProductsDetailViewController.swift in Sources */,
				D92AE20029140ED100CDA738 /* DoubleExtensions.swift in Sources */,
				D9069349290FC4CB00BB779D /* StringExtensions.swift in Sources */,
				D906933F290FC4CB00BB779D /* SpinerViewController.swift in Sources */,
				D9BF7AA2291118A40090E715 /* CSView.swift in Sources */,
				D9B5B9B4291525770039E881 /* BasketViewModel.swift in Sources */,
				D9BF7ABB291120C20090E715 /* SearchViewController.swift in Sources */,
				D90692F8290FB39100BB779D /* AppDelegate.swift in Sources */,
				D90FE7862913FBA4008FB9AC /* UIViewExtensions.swift in Sources */,
				D9069341290FC4CB00BB779D /* UIApplication.swift in Sources */,
				D9BF7AB8291120B50090E715 /* SearchViewModel.swift in Sources */,
				D9BF7AA829111EE60090E715 /* MainViewModel.swift in Sources */,
				D9069346290FC4CB00BB779D /* UIImageViewExtensions.swift in Sources */,
				D90FE7832913FB84008FB9AC /* UIButtonExtensions.swift in Sources */,
			);
			runOnlyForDeploymentPostprocessing = 0;
		};
/* End PBXSourcesBuildPhase section */

/* Begin PBXVariantGroup section */
		D90692FD290FB39100BB779D /* Main.storyboard */ = {
			isa = PBXVariantGroup;
			children = (
				D90692FE290FB39100BB779D /* Base */,
			);
			name = Main.storyboard;
			sourceTree = "<group>";
		};
		D9069302290FB39300BB779D /* LaunchScreen.storyboard */ = {
			isa = PBXVariantGroup;
			children = (
				D9069303290FB39300BB779D /* Base */,
			);
			name = LaunchScreen.storyboard;
			sourceTree = "<group>";
		};
/* End PBXVariantGroup section */

/* Begin XCBuildConfiguration section */
		D9069306290FB39300BB779D /* Debug */ = {
			isa = XCBuildConfiguration;
			buildSettings = {
				ALWAYS_SEARCH_USER_PATHS = NO;
				CLANG_ANALYZER_NONNULL = YES;
				CLANG_ANALYZER_NUMBER_OBJECT_CONVERSION = YES_AGGRESSIVE;
				CLANG_CXX_LANGUAGE_STANDARD = "gnu++20";
				CLANG_ENABLE_MODULES = YES;
				CLANG_ENABLE_OBJC_ARC = YES;
				CLANG_ENABLE_OBJC_WEAK = YES;
				CLANG_WARN_BLOCK_CAPTURE_AUTORELEASING = YES;
				CLANG_WARN_BOOL_CONVERSION = YES;
				CLANG_WARN_COMMA = YES;
				CLANG_WARN_CONSTANT_CONVERSION = YES;
				CLANG_WARN_DEPRECATED_OBJC_IMPLEMENTATIONS = YES;
				CLANG_WARN_DIRECT_OBJC_ISA_USAGE = YES_ERROR;
				CLANG_WARN_DOCUMENTATION_COMMENTS = YES;
				CLANG_WARN_EMPTY_BODY = YES;
				CLANG_WARN_ENUM_CONVERSION = YES;
				CLANG_WARN_INFINITE_RECURSION = YES;
				CLANG_WARN_INT_CONVERSION = YES;
				CLANG_WARN_NON_LITERAL_NULL_CONVERSION = YES;
				CLANG_WARN_OBJC_IMPLICIT_RETAIN_SELF = YES;
				CLANG_WARN_OBJC_LITERAL_CONVERSION = YES;
				CLANG_WARN_OBJC_ROOT_CLASS = YES_ERROR;
				CLANG_WARN_QUOTED_INCLUDE_IN_FRAMEWORK_HEADER = YES;
				CLANG_WARN_RANGE_LOOP_ANALYSIS = YES;
				CLANG_WARN_STRICT_PROTOTYPES = YES;
				CLANG_WARN_SUSPICIOUS_MOVE = YES;
				CLANG_WARN_UNGUARDED_AVAILABILITY = YES_AGGRESSIVE;
				CLANG_WARN_UNREACHABLE_CODE = YES;
				CLANG_WARN__DUPLICATE_METHOD_MATCH = YES;
				COPY_PHASE_STRIP = NO;
				DEBUG_INFORMATION_FORMAT = dwarf;
				ENABLE_STRICT_OBJC_MSGSEND = YES;
				ENABLE_TESTABILITY = YES;
				GCC_C_LANGUAGE_STANDARD = gnu11;
				GCC_DYNAMIC_NO_PIC = NO;
				GCC_NO_COMMON_BLOCKS = YES;
				GCC_OPTIMIZATION_LEVEL = 0;
				GCC_PREPROCESSOR_DEFINITIONS = (
					"DEBUG=1",
					"$(inherited)",
				);
				GCC_WARN_64_TO_32_BIT_CONVERSION = YES;
				GCC_WARN_ABOUT_RETURN_TYPE = YES_ERROR;
				GCC_WARN_UNDECLARED_SELECTOR = YES;
				GCC_WARN_UNINITIALIZED_AUTOS = YES_AGGRESSIVE;
				GCC_WARN_UNUSED_FUNCTION = YES;
				GCC_WARN_UNUSED_VARIABLE = YES;
				IPHONEOS_DEPLOYMENT_TARGET = 12.0;
				MTL_ENABLE_DEBUG_INFO = INCLUDE_SOURCE;
				MTL_FAST_MATH = YES;
				ONLY_ACTIVE_ARCH = YES;
				SDKROOT = iphoneos;
				SWIFT_ACTIVE_COMPILATION_CONDITIONS = DEBUG;
				SWIFT_OPTIMIZATION_LEVEL = "-Onone";
			};
			name = Debug;
		};
		D9069307290FB39300BB779D /* Release */ = {
			isa = XCBuildConfiguration;
			buildSettings = {
				ALWAYS_SEARCH_USER_PATHS = NO;
				CLANG_ANALYZER_NONNULL = YES;
				CLANG_ANALYZER_NUMBER_OBJECT_CONVERSION = YES_AGGRESSIVE;
				CLANG_CXX_LANGUAGE_STANDARD = "gnu++20";
				CLANG_ENABLE_MODULES = YES;
				CLANG_ENABLE_OBJC_ARC = YES;
				CLANG_ENABLE_OBJC_WEAK = YES;
				CLANG_WARN_BLOCK_CAPTURE_AUTORELEASING = YES;
				CLANG_WARN_BOOL_CONVERSION = YES;
				CLANG_WARN_COMMA = YES;
				CLANG_WARN_CONSTANT_CONVERSION = YES;
				CLANG_WARN_DEPRECATED_OBJC_IMPLEMENTATIONS = YES;
				CLANG_WARN_DIRECT_OBJC_ISA_USAGE = YES_ERROR;
				CLANG_WARN_DOCUMENTATION_COMMENTS = YES;
				CLANG_WARN_EMPTY_BODY = YES;
				CLANG_WARN_ENUM_CONVERSION = YES;
				CLANG_WARN_INFINITE_RECURSION = YES;
				CLANG_WARN_INT_CONVERSION = YES;
				CLANG_WARN_NON_LITERAL_NULL_CONVERSION = YES;
				CLANG_WARN_OBJC_IMPLICIT_RETAIN_SELF = YES;
				CLANG_WARN_OBJC_LITERAL_CONVERSION = YES;
				CLANG_WARN_OBJC_ROOT_CLASS = YES_ERROR;
				CLANG_WARN_QUOTED_INCLUDE_IN_FRAMEWORK_HEADER = YES;
				CLANG_WARN_RANGE_LOOP_ANALYSIS = YES;
				CLANG_WARN_STRICT_PROTOTYPES = YES;
				CLANG_WARN_SUSPICIOUS_MOVE = YES;
				CLANG_WARN_UNGUARDED_AVAILABILITY = YES_AGGRESSIVE;
				CLANG_WARN_UNREACHABLE_CODE = YES;
				CLANG_WARN__DUPLICATE_METHOD_MATCH = YES;
				COPY_PHASE_STRIP = NO;
				DEBUG_INFORMATION_FORMAT = "dwarf-with-dsym";
				ENABLE_NS_ASSERTIONS = NO;
				ENABLE_STRICT_OBJC_MSGSEND = YES;
				GCC_C_LANGUAGE_STANDARD = gnu11;
				GCC_NO_COMMON_BLOCKS = YES;
				GCC_WARN_64_TO_32_BIT_CONVERSION = YES;
				GCC_WARN_ABOUT_RETURN_TYPE = YES_ERROR;
				GCC_WARN_UNDECLARED_SELECTOR = YES;
				GCC_WARN_UNINITIALIZED_AUTOS = YES_AGGRESSIVE;
				GCC_WARN_UNUSED_FUNCTION = YES;
				GCC_WARN_UNUSED_VARIABLE = YES;
				IPHONEOS_DEPLOYMENT_TARGET = 12.0;
				MTL_ENABLE_DEBUG_INFO = NO;
				MTL_FAST_MATH = YES;
				SDKROOT = iphoneos;
				SWIFT_COMPILATION_MODE = wholemodule;
				SWIFT_OPTIMIZATION_LEVEL = "-O";
				VALIDATE_PRODUCT = YES;
			};
			name = Release;
		};
		D9069309290FB39300BB779D /* Debug */ = {
			isa = XCBuildConfiguration;
			buildSettings = {
				ASSETCATALOG_COMPILER_APPICON_NAME = AppIcon;
				ASSETCATALOG_COMPILER_GLOBAL_ACCENT_COLOR_NAME = AccentColor;
				CODE_SIGN_STYLE = Automatic;
				CURRENT_PROJECT_VERSION = 1;
				DEVELOPMENT_TEAM = NR35WN7L9Z;
				GENERATE_INFOPLIST_FILE = YES;
				INFOPLIST_FILE = shoppingApp/Info.plist;
				INFOPLIST_KEY_UIApplicationSupportsIndirectInputEvents = YES;
				INFOPLIST_KEY_UILaunchStoryboardName = LaunchScreen;
				INFOPLIST_KEY_UIMainStoryboardFile = Main;
				INFOPLIST_KEY_UISupportedInterfaceOrientations_iPad = "UIInterfaceOrientationPortrait UIInterfaceOrientationPortraitUpsideDown UIInterfaceOrientationLandscapeLeft UIInterfaceOrientationLandscapeRight";
				INFOPLIST_KEY_UISupportedInterfaceOrientations_iPhone = "UIInterfaceOrientationPortrait UIInterfaceOrientationLandscapeLeft UIInterfaceOrientationLandscapeRight";
				IPHONEOS_DEPLOYMENT_TARGET = 12.0;
				LD_RUNPATH_SEARCH_PATHS = (
					"$(inherited)",
					"@executable_path/Frameworks",
				);
				MARKETING_VERSION = 1.0;
				PRODUCT_BUNDLE_IDENTIFIER = muratsenol.shoppingApp;
				PRODUCT_NAME = "$(TARGET_NAME)";
				SWIFT_EMIT_LOC_STRINGS = YES;
				SWIFT_VERSION = 5.0;
				TARGETED_DEVICE_FAMILY = "1,2";
			};
			name = Debug;
		};
		D906930A290FB39300BB779D /* Release */ = {
			isa = XCBuildConfiguration;
			buildSettings = {
				ASSETCATALOG_COMPILER_APPICON_NAME = AppIcon;
				ASSETCATALOG_COMPILER_GLOBAL_ACCENT_COLOR_NAME = AccentColor;
				CODE_SIGN_STYLE = Automatic;
				CURRENT_PROJECT_VERSION = 1;
				DEVELOPMENT_TEAM = NR35WN7L9Z;
				GENERATE_INFOPLIST_FILE = YES;
				INFOPLIST_FILE = shoppingApp/Info.plist;
				INFOPLIST_KEY_UIApplicationSupportsIndirectInputEvents = YES;
				INFOPLIST_KEY_UILaunchStoryboardName = LaunchScreen;
				INFOPLIST_KEY_UIMainStoryboardFile = Main;
				INFOPLIST_KEY_UISupportedInterfaceOrientations_iPad = "UIInterfaceOrientationPortrait UIInterfaceOrientationPortraitUpsideDown UIInterfaceOrientationLandscapeLeft UIInterfaceOrientationLandscapeRight";
				INFOPLIST_KEY_UISupportedInterfaceOrientations_iPhone = "UIInterfaceOrientationPortrait UIInterfaceOrientationLandscapeLeft UIInterfaceOrientationLandscapeRight";
				IPHONEOS_DEPLOYMENT_TARGET = 12.0;
				LD_RUNPATH_SEARCH_PATHS = (
					"$(inherited)",
					"@executable_path/Frameworks",
				);
				MARKETING_VERSION = 1.0;
				PRODUCT_BUNDLE_IDENTIFIER = muratsenol.shoppingApp;
				PRODUCT_NAME = "$(TARGET_NAME)";
				SWIFT_EMIT_LOC_STRINGS = YES;
				SWIFT_VERSION = 5.0;
				TARGETED_DEVICE_FAMILY = "1,2";
			};
			name = Release;
		};
/* End XCBuildConfiguration section */

/* Begin XCConfigurationList section */
		D90692EF290FB39100BB779D /* Build configuration list for PBXProject "shoppingApp" */ = {
			isa = XCConfigurationList;
			buildConfigurations = (
				D9069306290FB39300BB779D /* Debug */,
				D9069307290FB39300BB779D /* Release */,
			);
			defaultConfigurationIsVisible = 0;
			defaultConfigurationName = Release;
		};
		D9069308290FB39300BB779D /* Build configuration list for PBXNativeTarget "shoppingApp" */ = {
			isa = XCConfigurationList;
			buildConfigurations = (
				D9069309290FB39300BB779D /* Debug */,
				D906930A290FB39300BB779D /* Release */,
			);
			defaultConfigurationIsVisible = 0;
			defaultConfigurationName = Release;
		};
/* End XCConfigurationList section */

/* Begin XCRemoteSwiftPackageReference section */
		D906930F290FB68300BB779D /* XCRemoteSwiftPackageReference "firebase-ios-sdk" */ = {
			isa = XCRemoteSwiftPackageReference;
			repositoryURL = "https://github.com/firebase/firebase-ios-sdk";
			requirement = {
				branch = master;
				kind = branch;
			};
		};
		D906934A290FC5C400BB779D /* XCRemoteSwiftPackageReference "Toast-Swift" */ = {
			isa = XCRemoteSwiftPackageReference;
			repositoryURL = "https://github.com/scalessec/Toast-Swift.git";
			requirement = {
				branch = master;
				kind = branch;
			};
		};
		D98B828F2912B5CF002B63CB /* XCRemoteSwiftPackageReference "Kingfisher" */ = {
			isa = XCRemoteSwiftPackageReference;
			repositoryURL = "https://github.com/onevcat/Kingfisher.git";
			requirement = {
				kind = upToNextMajorVersion;
				minimumVersion = 7.0.0;
			};
		};
/* End XCRemoteSwiftPackageReference section */

/* Begin XCSwiftPackageProductDependency section */
		D9069310290FB68300BB779D /* FirebaseAuth */ = {
			isa = XCSwiftPackageProductDependency;
			package = D906930F290FB68300BB779D /* XCRemoteSwiftPackageReference "firebase-ios-sdk" */;
			productName = FirebaseAuth;
		};
		D9069312290FB68300BB779D /* FirebaseDatabase */ = {
			isa = XCSwiftPackageProductDependency;
			package = D906930F290FB68300BB779D /* XCRemoteSwiftPackageReference "firebase-ios-sdk" */;
			productName = FirebaseDatabase;
		};
		D9069314290FB68300BB779D /* FirebaseFirestore */ = {
			isa = XCSwiftPackageProductDependency;
			package = D906930F290FB68300BB779D /* XCRemoteSwiftPackageReference "firebase-ios-sdk" */;
			productName = FirebaseFirestore;
		};
		D9069316290FB68300BB779D /* FirebaseRemoteConfig */ = {
			isa = XCSwiftPackageProductDependency;
			package = D906930F290FB68300BB779D /* XCRemoteSwiftPackageReference "firebase-ios-sdk" */;
			productName = FirebaseRemoteConfig;
		};
		D906934B290FC5C400BB779D /* Toast */ = {
			isa = XCSwiftPackageProductDependency;
			package = D906934A290FC5C400BB779D /* XCRemoteSwiftPackageReference "Toast-Swift" */;
			productName = Toast;
		};
		D98B82902912B5CF002B63CB /* Kingfisher */ = {
			isa = XCSwiftPackageProductDependency;
			package = D98B828F2912B5CF002B63CB /* XCRemoteSwiftPackageReference "Kingfisher" */;
			productName = Kingfisher;
		};
		D99979D02915515400B8F532 /* FirebaseFirestoreSwift */ = {
			isa = XCSwiftPackageProductDependency;
			package = D906930F290FB68300BB779D /* XCRemoteSwiftPackageReference "firebase-ios-sdk" */;
			productName = FirebaseFirestoreSwift;
		};
/* End XCSwiftPackageProductDependency section */
	};
	rootObject = D90692EC290FB39100BB779D /* Project object */;
}
